{
  "originHash" : "90f798c9e4974aef3117e71fbcd61d1dfd4ca2a315f3c9904bd35732e4bad2ff",
  "pins" : [
    {
      "identity" : "popups",
      "kind" : "remoteSourceControl",
      "location" : "https://github.com/Mijick/Popups",
      "state" : {
        "revision" : "3aa55233eda7bbcbd98b52a6f63d5a7e1955189a",
        "version" : "4.0.5"
      }
    },
    {
      "identity" : "swift",
      "kind" : "remoteSourceControl",
      "location" : "https://github.com/phosphor-icons/swift",
      "state" : {
        "branch" : "main",
        "revision" : "3289615c203e57d2604c97d0e89ece1d431c9475"
      }
    },
    {
      "identity" : "swift-custom-dump",
      "kind" : "remoteSourceControl",
      "location" : "https://github.com/pointfreeco/swift-custom-dump",
      "state" : {
        "revision" : "06c57924455064182d6b217f06ebc05d00cb2990",
        "version" : "1.5.0"
      }
    },
    {
      "identity" : "swift-snapshot-testing",
      "kind" : "remoteSourceControl",
      "location" : "https://github.com/pointfreeco/swift-snapshot-testing",
      "state" : {
        "revision" : "ad5e3190cc63dc288f28546f9c6827efc1e9d495",
        "version" : "1.19.2"
      }
    },
    {
      "identity" : "swift-syntax",
      "kind" : "remoteSourceControl",
      "location" : "https://github.com/swiftlang/swift-syntax",
      "state" : {
        "revision" : "2b59c0c741e9184ab057fd22950b491076d42e91",
        "version" : "603.0.0"
      }
    },
    {
      "identity" : "swiftglass",
      "kind" : "remoteSourceControl",
      "location" : "https://github.com/1998code/SwiftGlass",
      "state" : {
        "revision" : "b11729993a2f4a4f11d17ee833ec05b2140400c5",
        "version" : "26.0.1"
      }
    },
    {
      "identity" : "swiftsdk",
      "kind" : "remoteSourceControl",
      "location" : "https://github.com/TelemetryDeck/SwiftSDK",
      "state" : {
        "revision" : "d41d6e86265dc182ba4474f9ef53ecddbbe052b8",
        "version" : "2.12.0"
      }
    },
    {
      "identity" : "swiftui-introspect",
      "kind" : "remoteSourceControl",
      "location" : "https://github.com/siteline/swiftui-introspect",
      "state" : {
        "revision" : "26986a57e31c813f98262ddb62d4b07d40008535",
        "version" : "26.0.1"
      }
    },
    {
      "identity" : "swiftui-shimmer",
      "kind" : "remoteSourceControl",
      "location" : "https://github.com/markiv/SwiftUI-Shimmer",
      "state" : {
        "revision" : "0226e21f9bf355d40e07e5f5e1c33679d50e167f",
        "version" : "1.5.1"
      }
    },
    {
      "identity" : "swiftuix",
      "kind" : "remoteSourceControl",
      "location" : "https://github.com/SwiftUIX/SwiftUIX",
      "state" : {
        "branch" : "master",
        "revision" : "c1a29980849703457ec2e26d9682e309a3c0a171"
      }
    },
    {
      "identity" : "xctest-dynamic-overlay",
      "kind" : "remoteSourceControl",
      "location" : "https://github.com/pointfreeco/xctest-dynamic-overlay",
      "state" : {
        "revision" : "dfd70507def84cb5fb821278448a262c6ff2bbad",
        "version" : "1.9.0"
      }
    }
  ],
  "version" : 3
}
