// !$*UTF8*$!
{
	archiveVersion = 1;
	classes = {
	};
	objectVersion = 77;
	objects = {

/* Begin PBXBuildFile section */
		01675907A16E699FA0279F46 /* DSHaptic.swift in Sources */ = {isa = PBXBuildFile; fileRef = EC4991B3D708F7A206210514 /* DSHaptic.swift */; };
		049A03EDDDE815A52151A71A /* Shimmer in Frameworks */ = {isa = PBXBuildFile; productRef = BBEB8B5BADC2E725B4B15264 /* Shimmer */; };
		06A69D34A65E37F5188E189A /* recovery-high.png in Resources */ = {isa = PBXBuildFile; fileRef = C6F30B2F73B5093C9F33D737 /* recovery-high.png */; };
		08DF9E35BDF330A0F36B72E3 /* RankerModel.swift in Sources */ = {isa = PBXBuildFile; fileRef = 9069D15F55C382A45046EE40 /* RankerModel.swift */; };
		0C3D73E975E24D01954FB2B3 /* Roboto-Light.ttf in Resources */ = {isa = PBXBuildFile; fileRef = 59BA876ED8BDBC90DBE0E3CA /* Roboto-Light.ttf */; };
		0C50F126F62B310FCC7F7AEC /* DSRadius.swift in Sources */ = {isa = PBXBuildFile; fileRef = 092B821EC0B9E234F3D75CE3 /* DSRadius.swift */; };
		0DCE3A4CF339F24CAE6E1976 /* CameraView.swift in Sources */ = {isa = PBXBuildFile; fileRef = 0DAF3D55EA08732D53B2FCFF /* CameraView.swift */; };
		113D3E0D78B2AC0CC84227A1 /* ChatMessage.swift in Sources */ = {isa = PBXBuildFile; fileRef = E931C641C1F0F6FAC611DE43 /* ChatMessage.swift */; };
		12003053E2EC75F0E1861891 /* DesignSystemPreview.swift in Sources */ = {isa = PBXBuildFile; fileRef = 12CA06FB8897D4CE836BC60F /* DesignSystemPreview.swift */; };
		18432C67A644D4C59BEE778D /* APIClient.swift in Sources */ = {isa = PBXBuildFile; fileRef = C489492FE8BCEB0F999CDC53 /* APIClient.swift */; };
		1897E900D05B47EAC3FD43AE /* RankerModelManager.swift in Sources */ = {isa = PBXBuildFile; fileRef = 4CCE4BBAC7A61960E1B9C17C /* RankerModelManager.swift */; };
		1A4EC5AE81B917B5F8F9783B /* TelemetryDeck in Frameworks */ = {isa = PBXBuildFile; productRef = CA05DBA57E9A9082A414553E /* TelemetryDeck */; };
		1C731A5F0819F4C223CEE2DB /* WelcomeView.swift in Sources */ = {isa = PBXBuildFile; fileRef = 1C125B219CBD0F990AC4FF70 /* WelcomeView.swift */; };
		1DC39B924800CD9FC028CFEE /* recovery-low.png in Resources */ = {isa = PBXBuildFile; fileRef = 28B16D92818ECFF2187284DC /* recovery-low.png */; };
		209A60D087589A020C9AE423 /* MeldNotificationServiceExtension.appex in Embed Foundation Extensions */ = {isa = PBXBuildFile; fileRef = ECE8BD9F8463F0D12B0BD1E0 /* MeldNotificationServiceExtension.appex */; settings = {ATTRIBUTES = (RemoveHeadersOnCopy, ); }; };
		215EC51841FE141DAE5808E1 /* DSProgressIndicatorSnapshotTests.swift in Sources */ = {isa = PBXBuildFile; fileRef = 7108B557E7643EAFB3E5E164 /* DSProgressIndicatorSnapshotTests.swift */; };
		21BBC242D75BEDC60F80A295 /* Roboto-Medium.ttf in Resources */ = {isa = PBXBuildFile; fileRef = 9A472D250C42F3714DE0AFD3 /* Roboto-Medium.ttf */; };
		222C231F31335482DD6B5953 /* NotificationPrimingView.swift in Sources */ = {isa = PBXBuildFile; fileRef = 5D824ABE3A75752B22C77E9E /* NotificationPrimingView.swift */; };
		2335AA2472F01D931DE3A599 /* OnboardingFlow.swift in Sources */ = {isa = PBXBuildFile; fileRef = 4D32123BFA2F6917C59DB724 /* OnboardingFlow.swift */; };
		24B38CCDFF62FDA8FDFA0C42 /* BarcodeScannerView.swift in Sources */ = {isa = PBXBuildFile; fileRef = 07492F282A3FB96B07B78E27 /* BarcodeScannerView.swift */; };
		26EE0267F1CE63CC781264F9 /* DSDataCardSnapshotTests.swift in Sources */ = {isa = PBXBuildFile; fileRef = A452EB18C45CD5553111451F /* DSDataCardSnapshotTests.swift */; };
		27C3A3E61776B0552EFD331E /* TabIcons.swift in Sources */ = {isa = PBXBuildFile; fileRef = 4C237B3745CA79E10538D385 /* TabIcons.swift */; };
		27E7437F21495A867503F7FC /* ProfileSettingsView.swift in Sources */ = {isa = PBXBuildFile; fileRef = C5E9CC5FD1CDD07B7A7B4805 /* ProfileSettingsView.swift */; };
		2993EA0F3AC1D1C51CB2DF32 /* CoachViewModel.swift in Sources */ = {isa = PBXBuildFile; fileRef = BDF5D65016BCC5BFAA060EDD /* CoachViewModel.swift */; };
		2D7EAD81714CE111264113FD /* DSListRowSnapshotTests.swift in Sources */ = {isa = PBXBuildFile; fileRef = B630C385E92B373DF16C83E2 /* DSListRowSnapshotTests.swift */; };
		2DB3B30A61F9115E255B0343 /* NotificationService.swift in Sources */ = {isa = PBXBuildFile; fileRef = 033478A1C5362862FAAA9E81 /* NotificationService.swift */; };
		2FB3BF95E3DA5021EA6AC5F0 /* NetworkMonitor.swift in Sources */ = {isa = PBXBuildFile; fileRef = 4D95D0E660C8165438BE6EF6 /* NetworkMonitor.swift */; };
		2FB5DABD030563DA0EE9D926 /* VoiceCaptureView.swift in Sources */ = {isa = PBXBuildFile; fileRef = 255C09E3A974CEC4B6316628 /* VoiceCaptureView.swift */; };
		325FBF88091588ACDB060B17 /* DSMotion.swift in Sources */ = {isa = PBXBuildFile; fileRef = E6D49A37406D396DF7E8703A /* DSMotion.swift */; };
		34980ECBCB371C693817295C /* ConnectDataView.swift in Sources */ = {isa = PBXBuildFile; fileRef = AED030CB95868D24224A21A0 /* ConnectDataView.swift */; };
		34CC3E9AB4066F319295B8C2 /* Roboto-Bold.ttf in Resources */ = {isa = PBXBuildFile; fileRef = 0232FED9B4A5A7D443085BBB /* Roboto-Bold.ttf */; };
		34D438FA2F8EEF10980CF3C2 /* DashboardViewModel.swift in Sources */ = {isa = PBXBuildFile; fileRef = 7748E20FA46205B6AB29B61D /* DashboardViewModel.swift */; };
		38D294C1034AD62B844EDD60 /* HealthMetrics.swift in Sources */ = {isa = PBXBuildFile; fileRef = C4B3EE9302595D9942517977 /* HealthMetrics.swift */; };
		38D623D3C6522A051D2C06ED /* RecoveryDetailView.swift in Sources */ = {isa = PBXBuildFile; fileRef = 0A3FF7FE563CB668058C480C /* RecoveryDetailView.swift */; };
		392C0B68D015E27FA7A93A47 /* CoachChatView.swift in Sources */ = {isa = PBXBuildFile; fileRef = D47A150C8BE1F1B52EA6E9BA /* CoachChatView.swift */; };
		3AA2092E51C199EFEB089037 /* SignalInsightCard.swift in Sources */ = {isa = PBXBuildFile; fileRef = A044C410042393094D1E9F46 /* SignalInsightCard.swift */; };
		3D1D3EFC622ADDE59731D782 /* AnalyticsService.swift in Sources */ = {isa = PBXBuildFile; fileRef = 5148F0AE1587BD811BC77A19 /* AnalyticsService.swift */; };
		3E02A52589A94F67BA8C7BA9 /* DSTextFieldSnapshotTests.swift in Sources */ = {isa = PBXBuildFile; fileRef = B824A60361B4B935F83B171A /* DSTextFieldSnapshotTests.swift */; };
		3F22E85FF794EC1AF81CC9EA /* ArcGaugeSnapshotTests.swift in Sources */ = {isa = PBXBuildFile; fileRef = 64369E5F8BF7CDBADA092FE1 /* ArcGaugeSnapshotTests.swift */; };
		3FF5B3C5148097F99D99386C /* DSEmptyState.swift in Sources */ = {isa = PBXBuildFile; fileRef = 3B20D08EEF767899E3637155 /* DSEmptyState.swift */; };
		400C68266CFD45E9098D2D16 /* SignalInsightTests.swift in Sources */ = {isa = PBXBuildFile; fileRef = AA0DFC0ACF9607C3B086FE64 /* SignalInsightTests.swift */; };
		40D4B6BBE99087CC15287B90 /* DSIcon.swift in Sources */ = {isa = PBXBuildFile; fileRef = 7DE7816BF15DF52F36973AF4 /* DSIcon.swift */; };
		41681A120B660F9A7D2D0B4C /* DSButtonSnapshotTests.swift in Sources */ = {isa = PBXBuildFile; fileRef = 5600CF7CC0538A4550178ED6 /* DSButtonSnapshotTests.swift */; };
		4248E5EBB9E8CB88BFAF1CE2 /* MascotAnimations.swift in Sources */ = {isa = PBXBuildFile; fileRef = 3BD294292FFB596817A9C192 /* MascotAnimations.swift */; };
		457B8A3447097FC4BF85E7A4 /* Assets.xcassets in Resources */ = {isa = PBXBuildFile; fileRef = 073E4AA91D6E3F6E31B3BBB4 /* Assets.xcassets */; };
		47928EC11844DDC2D299ED7B /* DotArraySnapshotTests.swift in Sources */ = {isa = PBXBuildFile; fileRef = F42A801C73E8D57AA3590D4F /* DotArraySnapshotTests.swift */; };
		497FD27C60394A29DB8568E2 /* RankerModelTests.swift in Sources */ = {isa = PBXBuildFile; fileRef = 8167364378EC3427006A416F /* RankerModelTests.swift */; };
		4BB7955934D431C4EB50E3A0 /* DSColor.swift in Sources */ = {isa = PBXBuildFile; fileRef = BC2A9C55CA8275B2988F6D47 /* DSColor.swift */; };
		5675784FB792BAB61892AF14 /* FirstSyncView.swift in Sources */ = {isa = PBXBuildFile; fileRef = C2182C8DEED719965C5EBE6E /* FirstSyncView.swift */; };
		5985241318596586B90E4E4B /* GlassMorphism.swift in Sources */ = {isa = PBXBuildFile; fileRef = D05C43BC5FD23C2C609BE3D8 /* GlassMorphism.swift */; };
		59949FDC178D9686C512A2A7 /* DSListRow.swift in Sources */ = {isa = PBXBuildFile; fileRef = 9658AC761F5E4AEAEA6E973D /* DSListRow.swift */; };
		5E31785B96E788A9C3D5D012 /* SignalInsight.swift in Sources */ = {isa = PBXBuildFile; fileRef = 4325A7C964519BBA331DC8E3 /* SignalInsight.swift */; };
		5EF80B0ED71D72E582EF3302 /* DataSourceDetailView.swift in Sources */ = {isa = PBXBuildFile; fileRef = BA09EEF9F2DE9C2564FED8C7 /* DataSourceDetailView.swift */; };
		62BDCDD99193465D13B41A74 /* DSSpacing.swift in Sources */ = {isa = PBXBuildFile; fileRef = 59BE8D3ED588E9A7B23A5637 /* DSSpacing.swift */; };
		646F6EBB0D38715D63D8D078 /* ArcGauge.swift in Sources */ = {isa = PBXBuildFile; fileRef = E32A9C7851C52EEB802E74FB /* ArcGauge.swift */; };
		6549AA04CC32EBEA73782E61 /* MainTabView.swift in Sources */ = {isa = PBXBuildFile; fileRef = 691E16DB577A17EABDC27B9B /* MainTabView.swift */; };
		67FBEBD909255941D71DAA78 /* SwiftGlass in Frameworks */ = {isa = PBXBuildFile; productRef = 325BBE46ABE53B068F710535 /* SwiftGlass */; };
		6B6C31C57013A4A257A2A531 /* MeldApp.swift in Sources */ = {isa = PBXBuildFile; fileRef = 7C7BC2CBDD65CD305335E2ED /* MeldApp.swift */; };
		6D4E960B090DE48F6723D657 /* OfflineBanner.swift in Sources */ = {isa = PBXBuildFile; fileRef = 0E4C403E4375121F9E1F1211 /* OfflineBanner.swift */; };
		6DAECE8EC0AF9390EB9BAE1E /* QuickProfileView.swift in Sources */ = {isa = PBXBuildFile; fileRef = 4CBCB3D113F619C4CC72D33A /* QuickProfileView.swift */; };
		718AEE142F719E94848E2EBE /* GoalsView.swift in Sources */ = {isa = PBXBuildFile; fileRef = E38FFD1C8B13E2A1BA86E1A2 /* GoalsView.swift */; };
		71DCA462CA57CC42E6CF392A /* TrendsView.swift in Sources */ = {isa = PBXBuildFile; fileRef = B61CC98E7AC99DAC8F42B8D7 /* TrendsView.swift */; };
		73443018808E803686B210FC /* PhosphorSwift in Frameworks */ = {isa = PBXBuildFile; productRef = 909B22674938CED539216C4B /* PhosphorSwift */; };
		763D11C0C419CD5B1A5A8F2B /* DSCard.swift in Sources */ = {isa = PBXBuildFile; fileRef = 79861931BF73309D6E2BC8C8 /* DSCard.swift */; };
		7822F36A7E024EF11742B0C0 /* SnapshotTesting in Frameworks */ = {isa = PBXBuildFile; productRef = EC25923D24652807F4D4AFCA /* SnapshotTesting */; };
		78F70D45D6C3CB6DB8639CDA /* MealsView.swift in Sources */ = {isa = PBXBuildFile; fileRef = 2B9673808C71F7E93CA7F2DA /* MealsView.swift */; };
		80BEDF6C2A829C839B3DDF67 /* ZoneBadgeSnapshotTests.swift in Sources */ = {isa = PBXBuildFile; fileRef = EDE17B928958F3CFC7E25BB7 /* ZoneBadgeSnapshotTests.swift */; };
		8166F681F3EDC1C8941B8BC6 /* SignalRanker.swift in Sources */ = {isa = PBXBuildFile; fileRef = 703EF7144239CD908098B87C /* SignalRanker.swift */; };
		837343980B2924BF5D31E199 /* DSTypography.swift in Sources */ = {isa = PBXBuildFile; fileRef = D651CB7A7ACF2B9130B932AB /* DSTypography.swift */; };
		87F40B59AEFB95CEC87651EB /* RangeBand.swift in Sources */ = {isa = PBXBuildFile; fileRef = F3991F97F9F766D96B03567E /* RangeBand.swift */; };
		899BD73E470F2B75F6425AE9 /* MeldMascotSnapshotTests.swift in Sources */ = {isa = PBXBuildFile; fileRef = 1DA9B21D09348F0AEA63ACEB /* MeldMascotSnapshotTests.swift */; };
		8AC955BC15537CC029D46371 /* SparklineSnapshotTests.swift in Sources */ = {isa = PBXBuildFile; fileRef = C1AB133BB73345A1E3AA5C31 /* SparklineSnapshotTests.swift */; };
		8B6EA651AC579F8BC176ED9F /* Roboto-Regular.ttf in Resources */ = {isa = PBXBuildFile; fileRef = 8EC5E74368D8943CC20618E8 /* Roboto-Regular.ttf */; };
		8DB37BAA49E705577EDCB0ED /* MeldUITests.swift in Sources */ = {isa = PBXBuildFile; fileRef = E12DC792DDDAD20690A6F32B /* MeldUITests.swift */; };
		8F6A3321C431A597971FE90C /* DotArray.swift in Sources */ = {isa = PBXBuildFile; fileRef = E2CC31EBD93056DA9519BB8A /* DotArray.swift */; };
		9131320FF7BB9468EE2ABF6E /* ViewStateSnapshotTests.swift in Sources */ = {isa = PBXBuildFile; fileRef = 405A3E74BBCE91ED93B250C1 /* ViewStateSnapshotTests.swift */; };
		94CF51B80E6241E21C5DA95E /* FoodConfirmationView.swift in Sources */ = {isa = PBXBuildFile; fileRef = 2CE089989AFCA5CED2A7DFB1 /* FoodConfirmationView.swift */; };
		94F43E876767471E5FF7C0DF /* MetricDetailView.swift in Sources */ = {isa = PBXBuildFile; fileRef = 6F0A72624EDD299915C5C9FB /* MetricDetailView.swift */; };
		961090D396931216EDCFCD44 /* CoachInsightCard.swift in Sources */ = {isa = PBXBuildFile; fileRef = 4EC150E18358CA4F8CDDBC9A /* CoachInsightCard.swift */; };
		9A6B0254AE9758BF3ADBA82F /* LogFoodSheet.swift in Sources */ = {isa = PBXBuildFile; fileRef = 4D81FB5BB5C88DA3C1C3293D /* LogFoodSheet.swift */; };
		9B390368AD3926BCEA948FBF /* AppDelegate.swift in Sources */ = {isa = PBXBuildFile; fileRef = F1226FBDD6B40220A5CD3813 /* AppDelegate.swift */; };
		9B5DFAE4ECBB894C7E347557 /* DSProgressIndicator.swift in Sources */ = {isa = PBXBuildFile; fileRef = D2E71AAAA96BA320B56285F4 /* DSProgressIndicator.swift */; };
		A177988A131646C49B36E74B /* MeldTabBar.swift in Sources */ = {isa = PBXBuildFile; fileRef = 564DE43B9822F20152459D00 /* MeldTabBar.swift */; };
		A758E71AD3B40AB2F327D597 /* NotificationPreferencesView.swift in Sources */ = {isa = PBXBuildFile; fileRef = 7811C768E00CA12AE37751EA /* NotificationPreferencesView.swift */; };
		B067D026113E16326C1D1314 /* ErrorStateView.swift in Sources */ = {isa = PBXBuildFile; fileRef = 89F59D32EA80D3BDADCD9DF1 /* ErrorStateView.swift */; };
		B28092A66F2124B884F747C1 /* Roboto-Thin.ttf in Resources */ = {isa = PBXBuildFile; fileRef = 3871F1222DEADF374EF98834 /* Roboto-Thin.ttf */; };
		B283DB7953B0B6BD39135396 /* MeldTests.swift in Sources */ = {isa = PBXBuildFile; fileRef = 181E32CFA113690995D3E26C /* MeldTests.swift */; };
		B335FD692C338BCAB5B0CD50 /* Logger+Meld.swift in Sources */ = {isa = PBXBuildFile; fileRef = 3079764C004EED8064364085 /* Logger+Meld.swift */; };
		B3EE94E3CF2E417C2A09B33D /* DSCardSnapshotTests.swift in Sources */ = {isa = PBXBuildFile; fileRef = 7355738135DC23FAC740E65F /* DSCardSnapshotTests.swift */; };
		B430ECE2FAF53AD130FA5622 /* DSButton.swift in Sources */ = {isa = PBXBuildFile; fileRef = 2FDDE276F06D4154BC999F63 /* DSButton.swift */; };
		B5F8C7BCD0BB85DFB5F785BA /* KeychainStore.swift in Sources */ = {isa = PBXBuildFile; fileRef = B37A09C01EF70DF50C185293 /* KeychainStore.swift */; };
		B61F61DC209FBD81F2167BDD /* DSEmptyStateSnapshotTests.swift in Sources */ = {isa = PBXBuildFile; fileRef = 4015FC3F7DDE4CA511CC76CC /* DSEmptyStateSnapshotTests.swift */; };
		B705B42063E8B8FADBF3DFAF /* ComponentShowcase.swift in Sources */ = {isa = PBXBuildFile; fileRef = 0607A6967CC83E94C077DD54 /* ComponentShowcase.swift */; };
		B8C0DB5BEB9601E7209F8C6F /* LoadingStateView.swift in Sources */ = {isa = PBXBuildFile; fileRef = 2DF8A8B34FBC6DF11879744E /* LoadingStateView.swift */; };
		B98055A3501CFEF632F48184 /* AuthManager.swift in Sources */ = {isa = PBXBuildFile; fileRef = A82011184BA3DDAA787B289B /* AuthManager.swift */; };
		BD6B2325892F7FA7324DED7A /* PlaceholderTab.swift in Sources */ = {isa = PBXBuildFile; fileRef = 9756CFF2A582F160C1A0C853 /* PlaceholderTab.swift */; };
		BDFE1F05C8F7CBA4CCA12061 /* DashboardView.swift in Sources */ = {isa = PBXBuildFile; fileRef = 68B1288BD1975E823F830847 /* DashboardView.swift */; };
		BEEF9F17DC1D4A6389F5C0C3 /* Insight.swift in Sources */ = {isa = PBXBuildFile; fileRef = C7E4EE5F20D1F63592AAC907 /* Insight.swift */; };
		BF13978C2EB16C35BC8055DB /* DSAvatarSnapshotTests.swift in Sources */ = {isa = PBXBuildFile; fileRef = B4A703AB8A9EB82C2D1D1416 /* DSAvatarSnapshotTests.swift */; };
		C0837AE81D8DF150332D41F9 /* DSChipSnapshotTests.swift in Sources */ = {isa = PBXBuildFile; fileRef = EB807FFE1EE9B8469C8D12CD /* DSChipSnapshotTests.swift */; };
		C19AE17FFB4B978910912454 /* DSTextField.swift in Sources */ = {isa = PBXBuildFile; fileRef = DD2F6E93116C0DD784DA442E /* DSTextField.swift */; };
		C536E91A8D0672C333433135 /* UserAssessment.swift in Sources */ = {isa = PBXBuildFile; fileRef = 352AED50997F2CAF26A08DFC /* UserAssessment.swift */; };
		C6AB4CC26A435D852720177C /* HealthKitService.swift in Sources */ = {isa = PBXBuildFile; fileRef = E576B9A8994B06E42003B76B /* HealthKitService.swift */; };
		C8DCBC359A0322EF17CDA92E /* Meal.swift in Sources */ = {isa = PBXBuildFile; fileRef = 677A773BE63AF573A8F858B7 /* Meal.swift */; };
		CBB3F01C23877B0B9AF5BDFA /* DSDataCard.swift in Sources */ = {isa = PBXBuildFile; fileRef = 8F8AD21DF3C1AC2CE65BF90D /* DSDataCard.swift */; };
		CC32E5195EF2F3D791D35EE6 /* CrisisKeywords.swift in Sources */ = {isa = PBXBuildFile; fileRef = 30670E5BE1AA4B2F03CBFC00 /* CrisisKeywords.swift */; };
		CE7AD5652EF337BC1ABF15B9 /* OnboardingViewModel.swift in Sources */ = {isa = PBXBuildFile; fileRef = 37386448CA570AD31436258F /* OnboardingViewModel.swift */; };
		CF62FCD1FC3EFB76EEDDC74A /* SwiftUIX in Frameworks */ = {isa = PBXBuildFile; productRef = D4EDA40580E8786157E9E97B /* SwiftUIX */; };
		D21FAAD72E19C8B7D6CCE870 /* AppleSignInCoordinator.swift in Sources */ = {isa = PBXBuildFile; fileRef = CF6E7C366E705DC2B5DB4394 /* AppleSignInCoordinator.swift */; };
		D464A8E9E016DF36B6F326B6 /* SwiftUIIntrospect in Frameworks */ = {isa = PBXBuildFile; productRef = 0E2225D39A962660B94F94A9 /* SwiftUIIntrospect */; };
		D4BC2320AEC17E40261EFCFD /* MetricCardView.swift in Sources */ = {isa = PBXBuildFile; fileRef = 082F2E21560C0B593CD24568 /* MetricCardView.swift */; };
		D593B941D71666798123D34F /* GarminLoginView.swift in Sources */ = {isa = PBXBuildFile; fileRef = DB14712B553170388A7633BD /* GarminLoginView.swift */; };
		D64C49BD59822C477E8275A7 /* RangeBandSnapshotTests.swift in Sources */ = {isa = PBXBuildFile; fileRef = 91225E427AA69BE5513CF165 /* RangeBandSnapshotTests.swift */; };
		D6F30F873713247C43C32F74 /* DSAvatar.swift in Sources */ = {isa = PBXBuildFile; fileRef = A3E07C3B9AB2C1E64BD00D12 /* DSAvatar.swift */; };
		D7C7E3DB8D68BB558D6DF77F /* ZoneBadge.swift in Sources */ = {isa = PBXBuildFile; fileRef = 151483947BCE621ACE5CF5D4 /* ZoneBadge.swift */; };
		D96F10973D822914F6BDA955 /* Sparkline.swift in Sources */ = {isa = PBXBuildFile; fileRef = FA91EC063D205EA0B8D90055 /* Sparkline.swift */; };
		E132D4D9BDE09EFFABEA4168 /* NotificationService.swift in Sources */ = {isa = PBXBuildFile; fileRef = 57CD94E52E4209321D0589F1 /* NotificationService.swift */; };
		E5DFEDEB01898E630F6EDCC1 /* MeldMascot.swift in Sources */ = {isa = PBXBuildFile; fileRef = 76E538B8C67304D4C352553A /* MeldMascot.swift */; };
		E7064A094486FBAD2FF7247C /* Preview Assets.xcassets in Resources */ = {isa = PBXBuildFile; fileRef = 24E040389C083F1B18CF39D3 /* Preview Assets.xcassets */; };
		E867FA1ADF22608A67E80DF4 /* EmptyStateView.swift in Sources */ = {isa = PBXBuildFile; fileRef = 39778A3C52407E33060864C5 /* EmptyStateView.swift */; };
		EC77FA137F91B81A689F1CB6 /* DSChip.swift in Sources */ = {isa = PBXBuildFile; fileRef = 622F2F1CD0061860642B56C2 /* DSChip.swift */; };
		F0256623F6D45B906730476F /* NavigationCoordinator.swift in Sources */ = {isa = PBXBuildFile; fileRef = 7BFD33ABD40FD835B5638619 /* NavigationCoordinator.swift */; };
		F09B00C1994CDF1BF09C04C0 /* DSElevation.swift in Sources */ = {isa = PBXBuildFile; fileRef = D457F5559E0064C14652CEA5 /* DSElevation.swift */; };
		F2031204FA60AC25A3BB210C /* MijickPopups in Frameworks */ = {isa = PBXBuildFile; productRef = 7B143F5AFB4D029ED975F97A /* MijickPopups */; };
		F2A50E2C3B36047B8A629574 /* PelotonLoginView.swift in Sources */ = {isa = PBXBuildFile; fileRef = 9A17E59FC3EA7B36AFFFF58D /* PelotonLoginView.swift */; };
		F5F13D9819B0D8A0A9FA1BA6 /* MealsViewModel.swift in Sources */ = {isa = PBXBuildFile; fileRef = AB9CF094E3AB361090FDE0D1 /* MealsViewModel.swift */; };
		F7C190F260395A22861DB3AC /* recovery-moderate.png in Resources */ = {isa = PBXBuildFile; fileRef = 71C3827D63F7C141D11EBAD3 /* recovery-moderate.png */; };
/* End PBXBuildFile section */

/* Begin PBXContainerItemProxy section */
		0B2CE57D505DC678AA75607F /* PBXContainerItemProxy */ = {
			isa = PBXContainerItemProxy;
			containerPortal = 21FDA16C998EB9C8770A1650 /* Project object */;
			proxyType = 1;
			remoteGlobalIDString = 32E815CE914C3602D1BAA0B4;
			remoteInfo = MeldNotificationServiceExtension;
		};
		0E806B9E024E81E9EECD871C /* PBXContainerItemProxy */ = {
			isa = PBXContainerItemProxy;
			containerPortal = 21FDA16C998EB9C8770A1650 /* Project object */;
			proxyType = 1;
			remoteGlobalIDString = 6708B8A2908FCF03B350FD07;
			remoteInfo = Meld;
		};
		996A84AC7AB45620D932951B /* PBXContainerItemProxy */ = {
			isa = PBXContainerItemProxy;
			containerPortal = 21FDA16C998EB9C8770A1650 /* Project object */;
			proxyType = 1;
			remoteGlobalIDString = 6708B8A2908FCF03B350FD07;
			remoteInfo = Meld;
		};
		D61CCCB524D98ED835D21796 /* PBXContainerItemProxy */ = {
			isa = PBXContainerItemProxy;
			containerPortal = 21FDA16C998EB9C8770A1650 /* Project object */;
			proxyType = 1;
			remoteGlobalIDString = 6708B8A2908FCF03B350FD07;
			remoteInfo = Meld;
		};
/* End PBXContainerItemProxy section */

/* Begin PBXCopyFilesBuildPhase section */
		441722DF101F95D47EAF328A /* Embed Foundation Extensions */ = {
			isa = PBXCopyFilesBuildPhase;
			buildActionMask = 2147483647;
			dstPath = "";
			dstSubfolderSpec = 13;
			files = (
				209A60D087589A020C9AE423 /* MeldNotificationServiceExtension.appex in Embed Foundation Extensions */,
			);
			name = "Embed Foundation Extensions";
			runOnlyForDeploymentPostprocessing = 0;
		};
/* End PBXCopyFilesBuildPhase section */

/* Begin PBXFileReference section */
		0232FED9B4A5A7D443085BBB /* Roboto-Bold.ttf */ = {isa = PBXFileReference; lastKnownFileType = file; path = "Roboto-Bold.ttf"; sourceTree = "<group>"; };
		033478A1C5362862FAAA9E81 /* NotificationService.swift */ = {isa = PBXFileReference; lastKnownFileType = sourcecode.swift; path = NotificationService.swift; sourceTree = "<group>"; };
		0607A6967CC83E94C077DD54 /* ComponentShowcase.swift */ = {isa = PBXFileReference; lastKnownFileType = sourcecode.swift; path = ComponentShowcase.swift; sourceTree = "<group>"; };
		073E4AA91D6E3F6E31B3BBB4 /* Assets.xcassets */ = {isa = PBXFileReference; lastKnownFileType = folder.assetcatalog; path = Assets.xcassets; sourceTree = "<group>"; };
		07492F282A3FB96B07B78E27 /* BarcodeScannerView.swift */ = {isa = PBXFileReference; lastKnownFileType = sourcecode.swift; path = BarcodeScannerView.swift; sourceTree = "<group>"; };
		082F2E21560C0B593CD24568 /* MetricCardView.swift */ = {isa = PBXFileReference; lastKnownFileType = sourcecode.swift; path = MetricCardView.swift; sourceTree = "<group>"; };
		092B821EC0B9E234F3D75CE3 /* DSRadius.swift */ = {isa = PBXFileReference; lastKnownFileType = sourcecode.swift; path = DSRadius.swift; sourceTree = "<group>"; };
		0A3FF7FE563CB668058C480C /* RecoveryDetailView.swift */ = {isa = PBXFileReference; lastKnownFileType = sourcecode.swift; path = RecoveryDetailView.swift; sourceTree = "<group>"; };
		0DAF3D55EA08732D53B2FCFF /* CameraView.swift */ = {isa = PBXFileReference; lastKnownFileType = sourcecode.swift; path = CameraView.swift; sourceTree = "<group>"; };
		0E4C403E4375121F9E1F1211 /* OfflineBanner.swift */ = {isa = PBXFileReference; lastKnownFileType = sourcecode.swift; path = OfflineBanner.swift; sourceTree = "<group>"; };
		12CA06FB8897D4CE836BC60F /* DesignSystemPreview.swift */ = {isa = PBXFileReference; lastKnownFileType = sourcecode.swift; path = DesignSystemPreview.swift; sourceTree = "<group>"; };
		151483947BCE621ACE5CF5D4 /* ZoneBadge.swift */ = {isa = PBXFileReference; lastKnownFileType = sourcecode.swift; path = ZoneBadge.swift; sourceTree = "<group>"; };
		181E32CFA113690995D3E26C /* MeldTests.swift */ = {isa = PBXFileReference; lastKnownFileType = sourcecode.swift; path = MeldTests.swift; sourceTree = "<group>"; };
		1C125B219CBD0F990AC4FF70 /* WelcomeView.swift */ = {isa = PBXFileReference; lastKnownFileType = sourcecode.swift; path = WelcomeView.swift; sourceTree = "<group>"; };
		1DA9B21D09348F0AEA63ACEB /* MeldMascotSnapshotTests.swift */ = {isa = PBXFileReference; lastKnownFileType = sourcecode.swift; path = MeldMascotSnapshotTests.swift; sourceTree = "<group>"; };
		24E040389C083F1B18CF39D3 /* Preview Assets.xcassets */ = {isa = PBXFileReference; lastKnownFileType = folder.assetcatalog; path = "Preview Assets.xcassets"; sourceTree = "<group>"; };
		255C09E3A974CEC4B6316628 /* VoiceCaptureView.swift */ = {isa = PBXFileReference; lastKnownFileType = sourcecode.swift; path = VoiceCaptureView.swift; sourceTree = "<group>"; };
		28B16D92818ECFF2187284DC /* recovery-low.png */ = {isa = PBXFileReference; lastKnownFileType = image.png; path = "recovery-low.png"; sourceTree = "<group>"; };
		2B9673808C71F7E93CA7F2DA /* MealsView.swift */ = {isa = PBXFileReference; lastKnownFileType = sourcecode.swift; path = MealsView.swift; sourceTree = "<group>"; };
		2CE089989AFCA5CED2A7DFB1 /* FoodConfirmationView.swift */ = {isa = PBXFileReference; lastKnownFileType = sourcecode.swift; path = FoodConfirmationView.swift; sourceTree = "<group>"; };
		2DF8A8B34FBC6DF11879744E /* LoadingStateView.swift */ = {isa = PBXFileReference; lastKnownFileType = sourcecode.swift; path = LoadingStateView.swift; sourceTree = "<group>"; };
		2FDDE276F06D4154BC999F63 /* DSButton.swift */ = {isa = PBXFileReference; lastKnownFileType = sourcecode.swift; path = DSButton.swift; sourceTree = "<group>"; };
		30670E5BE1AA4B2F03CBFC00 /* CrisisKeywords.swift */ = {isa = PBXFileReference; lastKnownFileType = sourcecode.swift; path = CrisisKeywords.swift; sourceTree = "<group>"; };
		3079764C004EED8064364085 /* Logger+Meld.swift */ = {isa = PBXFileReference; lastKnownFileType = sourcecode.swift; path = "Logger+Meld.swift"; sourceTree = "<group>"; };
		352AED50997F2CAF26A08DFC /* UserAssessment.swift */ = {isa = PBXFileReference; lastKnownFileType = sourcecode.swift; path = UserAssessment.swift; sourceTree = "<group>"; };
		37386448CA570AD31436258F /* OnboardingViewModel.swift */ = {isa = PBXFileReference; lastKnownFileType = sourcecode.swift; path = OnboardingViewModel.swift; sourceTree = "<group>"; };
		3871F1222DEADF374EF98834 /* Roboto-Thin.ttf */ = {isa = PBXFileReference; lastKnownFileType = file; path = "Roboto-Thin.ttf"; sourceTree = "<group>"; };
		39778A3C52407E33060864C5 /* EmptyStateView.swift */ = {isa = PBXFileReference; lastKnownFileType = sourcecode.swift; path = EmptyStateView.swift; sourceTree = "<group>"; };
		3B20D08EEF767899E3637155 /* DSEmptyState.swift */ = {isa = PBXFileReference; lastKnownFileType = sourcecode.swift; path = DSEmptyState.swift; sourceTree = "<group>"; };
		3BD294292FFB596817A9C192 /* MascotAnimations.swift */ = {isa = PBXFileReference; lastKnownFileType = sourcecode.swift; path = MascotAnimations.swift; sourceTree = "<group>"; };
		4015FC3F7DDE4CA511CC76CC /* DSEmptyStateSnapshotTests.swift */ = {isa = PBXFileReference; lastKnownFileType = sourcecode.swift; path = DSEmptyStateSnapshotTests.swift; sourceTree = "<group>"; };
		405A3E74BBCE91ED93B250C1 /* ViewStateSnapshotTests.swift */ = {isa = PBXFileReference; lastKnownFileType = sourcecode.swift; path = ViewStateSnapshotTests.swift; sourceTree = "<group>"; };
		4325A7C964519BBA331DC8E3 /* SignalInsight.swift */ = {isa = PBXFileReference; lastKnownFileType = sourcecode.swift; path = SignalInsight.swift; sourceTree = "<group>"; };
		4C237B3745CA79E10538D385 /* TabIcons.swift */ = {isa = PBXFileReference; lastKnownFileType = sourcecode.swift; path = TabIcons.swift; sourceTree = "<group>"; };
		4CBCB3D113F619C4CC72D33A /* QuickProfileView.swift */ = {isa = PBXFileReference; lastKnownFileType = sourcecode.swift; path = QuickProfileView.swift; sourceTree = "<group>"; };
		4CCE4BBAC7A61960E1B9C17C /* RankerModelManager.swift */ = {isa = PBXFileReference; lastKnownFileType = sourcecode.swift; path = RankerModelManager.swift; sourceTree = "<group>"; };
		4D32123BFA2F6917C59DB724 /* OnboardingFlow.swift */ = {isa = PBXFileReference; lastKnownFileType = sourcecode.swift; path = OnboardingFlow.swift; sourceTree = "<group>"; };
		4D81FB5BB5C88DA3C1C3293D /* LogFoodSheet.swift */ = {isa = PBXFileReference; lastKnownFileType = sourcecode.swift; path = LogFoodSheet.swift; sourceTree = "<group>"; };
		4D95D0E660C8165438BE6EF6 /* NetworkMonitor.swift */ = {isa = PBXFileReference; lastKnownFileType = sourcecode.swift; path = NetworkMonitor.swift; sourceTree = "<group>"; };
		4EC150E18358CA4F8CDDBC9A /* CoachInsightCard.swift */ = {isa = PBXFileReference; lastKnownFileType = sourcecode.swift; path = CoachInsightCard.swift; sourceTree = "<group>"; };
		5148F0AE1587BD811BC77A19 /* AnalyticsService.swift */ = {isa = PBXFileReference; lastKnownFileType = sourcecode.swift; path = AnalyticsService.swift; sourceTree = "<group>"; };
		5600CF7CC0538A4550178ED6 /* DSButtonSnapshotTests.swift */ = {isa = PBXFileReference; lastKnownFileType = sourcecode.swift; path = DSButtonSnapshotTests.swift; sourceTree = "<group>"; };
		564DE43B9822F20152459D00 /* MeldTabBar.swift */ = {isa = PBXFileReference; lastKnownFileType = sourcecode.swift; path = MeldTabBar.swift; sourceTree = "<group>"; };
		57CD94E52E4209321D0589F1 /* NotificationService.swift */ = {isa = PBXFileReference; lastKnownFileType = sourcecode.swift; path = NotificationService.swift; sourceTree = "<group>"; };
		59BA876ED8BDBC90DBE0E3CA /* Roboto-Light.ttf */ = {isa = PBXFileReference; lastKnownFileType = file; path = "Roboto-Light.ttf"; sourceTree = "<group>"; };
		59BE8D3ED588E9A7B23A5637 /* DSSpacing.swift */ = {isa = PBXFileReference; lastKnownFileType = sourcecode.swift; path = DSSpacing.swift; sourceTree = "<group>"; };
		5D824ABE3A75752B22C77E9E /* NotificationPrimingView.swift */ = {isa = PBXFileReference; lastKnownFileType = sourcecode.swift; path = NotificationPrimingView.swift; sourceTree = "<group>"; };
		5E0C37A57943BFD8B0F4BF5B /* MeldUITests.xctest */ = {isa = PBXFileReference; includeInIndex = 0; lastKnownFileType = wrapper.cfbundle; path = MeldUITests.xctest; sourceTree = BUILT_PRODUCTS_DIR; };
		622F2F1CD0061860642B56C2 /* DSChip.swift */ = {isa = PBXFileReference; lastKnownFileType = sourcecode.swift; path = DSChip.swift; sourceTree = "<group>"; };
		64369E5F8BF7CDBADA092FE1 /* ArcGaugeSnapshotTests.swift */ = {isa = PBXFileReference; lastKnownFileType = sourcecode.swift; path = ArcGaugeSnapshotTests.swift; sourceTree = "<group>"; };
		677A773BE63AF573A8F858B7 /* Meal.swift */ = {isa = PBXFileReference; lastKnownFileType = sourcecode.swift; path = Meal.swift; sourceTree = "<group>"; };
		68B1288BD1975E823F830847 /* DashboardView.swift */ = {isa = PBXFileReference; lastKnownFileType = sourcecode.swift; path = DashboardView.swift; sourceTree = "<group>"; };
		691E16DB577A17EABDC27B9B /* MainTabView.swift */ = {isa = PBXFileReference; lastKnownFileType = sourcecode.swift; path = MainTabView.swift; sourceTree = "<group>"; };
		6F0A72624EDD299915C5C9FB /* MetricDetailView.swift */ = {isa = PBXFileReference; lastKnownFileType = sourcecode.swift; path = MetricDetailView.swift; sourceTree = "<group>"; };
		703EF7144239CD908098B87C /* SignalRanker.swift */ = {isa = PBXFileReference; lastKnownFileType = sourcecode.swift; path = SignalRanker.swift; sourceTree = "<group>"; };
		7108B557E7643EAFB3E5E164 /* DSProgressIndicatorSnapshotTests.swift */ = {isa = PBXFileReference; lastKnownFileType = sourcecode.swift; path = DSProgressIndicatorSnapshotTests.swift; sourceTree = "<group>"; };
		71C3827D63F7C141D11EBAD3 /* recovery-moderate.png */ = {isa = PBXFileReference; lastKnownFileType = image.png; path = "recovery-moderate.png"; sourceTree = "<group>"; };
		7355738135DC23FAC740E65F /* DSCardSnapshotTests.swift */ = {isa = PBXFileReference; lastKnownFileType = sourcecode.swift; path = DSCardSnapshotTests.swift; sourceTree = "<group>"; };
		76E538B8C67304D4C352553A /* MeldMascot.swift */ = {isa = PBXFileReference; lastKnownFileType = sourcecode.swift; path = MeldMascot.swift; sourceTree = "<group>"; };
		7748E20FA46205B6AB29B61D /* DashboardViewModel.swift */ = {isa = PBXFileReference; lastKnownFileType = sourcecode.swift; path = DashboardViewModel.swift; sourceTree = "<group>"; };
		7811C768E00CA12AE37751EA /* NotificationPreferencesView.swift */ = {isa = PBXFileReference; lastKnownFileType = sourcecode.swift; path = NotificationPreferencesView.swift; sourceTree = "<group>"; };
		79861931BF73309D6E2BC8C8 /* DSCard.swift */ = {isa = PBXFileReference; lastKnownFileType = sourcecode.swift; path = DSCard.swift; sourceTree = "<group>"; };
		7BAB2F2D4E6D31C7F0E899AA /* MeldTests.xctest */ = {isa = PBXFileReference; includeInIndex = 0; lastKnownFileType = wrapper.cfbundle; path = MeldTests.xctest; sourceTree = BUILT_PRODUCTS_DIR; };
		7BFD33ABD40FD835B5638619 /* NavigationCoordinator.swift */ = {isa = PBXFileReference; lastKnownFileType = sourcecode.swift; path = NavigationCoordinator.swift; sourceTree = "<group>"; };
		7C7BC2CBDD65CD305335E2ED /* MeldApp.swift */ = {isa = PBXFileReference; lastKnownFileType = sourcecode.swift; path = MeldApp.swift; sourceTree = "<group>"; };
		7DE7816BF15DF52F36973AF4 /* DSIcon.swift */ = {isa = PBXFileReference; lastKnownFileType = sourcecode.swift; path = DSIcon.swift; sourceTree = "<group>"; };
		8167364378EC3427006A416F /* RankerModelTests.swift */ = {isa = PBXFileReference; lastKnownFileType = sourcecode.swift; path = RankerModelTests.swift; sourceTree = "<group>"; };
		87A36DDF41CC0337701027D5 /* Info.plist */ = {isa = PBXFileReference; lastKnownFileType = text.plist; path = Info.plist; sourceTree = "<group>"; };
		89F59D32EA80D3BDADCD9DF1 /* ErrorStateView.swift */ = {isa = PBXFileReference; lastKnownFileType = sourcecode.swift; path = ErrorStateView.swift; sourceTree = "<group>"; };
		8EC5E74368D8943CC20618E8 /* Roboto-Regular.ttf */ = {isa = PBXFileReference; lastKnownFileType = file; path = "Roboto-Regular.ttf"; sourceTree = "<group>"; };
		8F8AD21DF3C1AC2CE65BF90D /* DSDataCard.swift */ = {isa = PBXFileReference; lastKnownFileType = sourcecode.swift; path = DSDataCard.swift; sourceTree = "<group>"; };
		9069D15F55C382A45046EE40 /* RankerModel.swift */ = {isa = PBXFileReference; lastKnownFileType = sourcecode.swift; path = RankerModel.swift; sourceTree = "<group>"; };
		91225E427AA69BE5513CF165 /* RangeBandSnapshotTests.swift */ = {isa = PBXFileReference; lastKnownFileType = sourcecode.swift; path = RangeBandSnapshotTests.swift; sourceTree = "<group>"; };
		9658AC761F5E4AEAEA6E973D /* DSListRow.swift */ = {isa = PBXFileReference; lastKnownFileType = sourcecode.swift; path = DSListRow.swift; sourceTree = "<group>"; };
		9756CFF2A582F160C1A0C853 /* PlaceholderTab.swift */ = {isa = PBXFileReference; lastKnownFileType = sourcecode.swift; path = PlaceholderTab.swift; sourceTree = "<group>"; };
		9A17E59FC3EA7B36AFFFF58D /* PelotonLoginView.swift */ = {isa = PBXFileReference; lastKnownFileType = sourcecode.swift; path = PelotonLoginView.swift; sourceTree = "<group>"; };
		9A472D250C42F3714DE0AFD3 /* Roboto-Medium.ttf */ = {isa = PBXFileReference; lastKnownFileType = file; path = "Roboto-Medium.ttf"; sourceTree = "<group>"; };
		A044C410042393094D1E9F46 /* SignalInsightCard.swift */ = {isa = PBXFileReference; lastKnownFileType = sourcecode.swift; path = SignalInsightCard.swift; sourceTree = "<group>"; };
		A3E07C3B9AB2C1E64BD00D12 /* DSAvatar.swift */ = {isa = PBXFileReference; lastKnownFileType = sourcecode.swift; path = DSAvatar.swift; sourceTree = "<group>"; };
		A452EB18C45CD5553111451F /* DSDataCardSnapshotTests.swift */ = {isa = PBXFileReference; lastKnownFileType = sourcecode.swift; path = DSDataCardSnapshotTests.swift; sourceTree = "<group>"; };
		A82011184BA3DDAA787B289B /* AuthManager.swift */ = {isa = PBXFileReference; lastKnownFileType = sourcecode.swift; path = AuthManager.swift; sourceTree = "<group>"; };
		AA0DFC0ACF9607C3B086FE64 /* SignalInsightTests.swift */ = {isa = PBXFileReference; lastKnownFileType = sourcecode.swift; path = SignalInsightTests.swift; sourceTree = "<group>"; };
		AB9CF094E3AB361090FDE0D1 /* MealsViewModel.swift */ = {isa = PBXFileReference; lastKnownFileType = sourcecode.swift; path = MealsViewModel.swift; sourceTree = "<group>"; };
		AED030CB95868D24224A21A0 /* ConnectDataView.swift */ = {isa = PBXFileReference; lastKnownFileType = sourcecode.swift; path = ConnectDataView.swift; sourceTree = "<group>"; };
		B1B3AF7AB5A792CB9B96BDE6 /* Info.plist */ = {isa = PBXFileReference; lastKnownFileType = text.plist; path = Info.plist; sourceTree = "<group>"; };
		B37A09C01EF70DF50C185293 /* KeychainStore.swift */ = {isa = PBXFileReference; lastKnownFileType = sourcecode.swift; path = KeychainStore.swift; sourceTree = "<group>"; };
		B4A703AB8A9EB82C2D1D1416 /* DSAvatarSnapshotTests.swift */ = {isa = PBXFileReference; lastKnownFileType = sourcecode.swift; path = DSAvatarSnapshotTests.swift; sourceTree = "<group>"; };
		B61CC98E7AC99DAC8F42B8D7 /* TrendsView.swift */ = {isa = PBXFileReference; lastKnownFileType = sourcecode.swift; path = TrendsView.swift; sourceTree = "<group>"; };
		B630C385E92B373DF16C83E2 /* DSListRowSnapshotTests.swift */ = {isa = PBXFileReference; lastKnownFileType = sourcecode.swift; path = DSListRowSnapshotTests.swift; sourceTree = "<group>"; };
		B6D531E605140D227604EF41 /* Meld.app */ = {isa = PBXFileReference; includeInIndex = 0; lastKnownFileType = wrapper.application; path = Meld.app; sourceTree = BUILT_PRODUCTS_DIR; };
		B824A60361B4B935F83B171A /* DSTextFieldSnapshotTests.swift */ = {isa = PBXFileReference; lastKnownFileType = sourcecode.swift; path = DSTextFieldSnapshotTests.swift; sourceTree = "<group>"; };
		BA09EEF9F2DE9C2564FED8C7 /* DataSourceDetailView.swift */ = {isa = PBXFileReference; lastKnownFileType = sourcecode.swift; path = DataSourceDetailView.swift; sourceTree = "<group>"; };
		BC2A9C55CA8275B2988F6D47 /* DSColor.swift */ = {isa = PBXFileReference; lastKnownFileType = sourcecode.swift; path = DSColor.swift; sourceTree = "<group>"; };
		BDF5D65016BCC5BFAA060EDD /* CoachViewModel.swift */ = {isa = PBXFileReference; lastKnownFileType = sourcecode.swift; path = CoachViewModel.swift; sourceTree = "<group>"; };
		C1AB133BB73345A1E3AA5C31 /* SparklineSnapshotTests.swift */ = {isa = PBXFileReference; lastKnownFileType = sourcecode.swift; path = SparklineSnapshotTests.swift; sourceTree = "<group>"; };
		C2182C8DEED719965C5EBE6E /* FirstSyncView.swift */ = {isa = PBXFileReference; lastKnownFileType = sourcecode.swift; path = FirstSyncView.swift; sourceTree = "<group>"; };
		C489492FE8BCEB0F999CDC53 /* APIClient.swift */ = {isa = PBXFileReference; lastKnownFileType = sourcecode.swift; path = APIClient.swift; sourceTree = "<group>"; };
		C4B3EE9302595D9942517977 /* HealthMetrics.swift */ = {isa = PBXFileReference; lastKnownFileType = sourcecode.swift; path = HealthMetrics.swift; sourceTree = "<group>"; };
		C5E9CC5FD1CDD07B7A7B4805 /* ProfileSettingsView.swift */ = {isa = PBXFileReference; lastKnownFileType = sourcecode.swift; path = ProfileSettingsView.swift; sourceTree = "<group>"; };
		C6F30B2F73B5093C9F33D737 /* recovery-high.png */ = {isa = PBXFileReference; lastKnownFileType = image.png; path = "recovery-high.png"; sourceTree = "<group>"; };
		C7E4EE5F20D1F63592AAC907 /* Insight.swift */ = {isa = PBXFileReference; lastKnownFileType = sourcecode.swift; path = Insight.swift; sourceTree = "<group>"; };
		CD9B91CEFE4C1E99113A6C5B /* Meld.entitlements */ = {isa = PBXFileReference; lastKnownFileType = text.plist.entitlements; path = Meld.entitlements; sourceTree = "<group>"; };
		CF6E7C366E705DC2B5DB4394 /* AppleSignInCoordinator.swift */ = {isa = PBXFileReference; lastKnownFileType = sourcecode.swift; path = AppleSignInCoordinator.swift; sourceTree = "<group>"; };
		D05C43BC5FD23C2C609BE3D8 /* GlassMorphism.swift */ = {isa = PBXFileReference; lastKnownFileType = sourcecode.swift; path = GlassMorphism.swift; sourceTree = "<group>"; };
		D2E71AAAA96BA320B56285F4 /* DSProgressIndicator.swift */ = {isa = PBXFileReference; lastKnownFileType = sourcecode.swift; path = DSProgressIndicator.swift; sourceTree = "<group>"; };
		D457F5559E0064C14652CEA5 /* DSElevation.swift */ = {isa = PBXFileReference; lastKnownFileType = sourcecode.swift; path = DSElevation.swift; sourceTree = "<group>"; };
		D47A150C8BE1F1B52EA6E9BA /* CoachChatView.swift */ = {isa = PBXFileReference; lastKnownFileType = sourcecode.swift; path = CoachChatView.swift; sourceTree = "<group>"; };
		D651CB7A7ACF2B9130B932AB /* DSTypography.swift */ = {isa = PBXFileReference; lastKnownFileType = sourcecode.swift; path = DSTypography.swift; sourceTree = "<group>"; };
		DB14712B553170388A7633BD /* GarminLoginView.swift */ = {isa = PBXFileReference; lastKnownFileType = sourcecode.swift; path = GarminLoginView.swift; sourceTree = "<group>"; };
		DD2F6E93116C0DD784DA442E /* DSTextField.swift */ = {isa = PBXFileReference; lastKnownFileType = sourcecode.swift; path = DSTextField.swift; sourceTree = "<group>"; };
		E12DC792DDDAD20690A6F32B /* MeldUITests.swift */ = {isa = PBXFileReference; lastKnownFileType = sourcecode.swift; path = MeldUITests.swift; sourceTree = "<group>"; };
		E2CC31EBD93056DA9519BB8A /* DotArray.swift */ = {isa = PBXFileReference; lastKnownFileType = sourcecode.swift; path = DotArray.swift; sourceTree = "<group>"; };
		E32A9C7851C52EEB802E74FB /* ArcGauge.swift */ = {isa = PBXFileReference; lastKnownFileType = sourcecode.swift; path = ArcGauge.swift; sourceTree = "<group>"; };
		E38FFD1C8B13E2A1BA86E1A2 /* GoalsView.swift */ = {isa = PBXFileReference; lastKnownFileType = sourcecode.swift; path = GoalsView.swift; sourceTree = "<group>"; };
		E576B9A8994B06E42003B76B /* HealthKitService.swift */ = {isa = PBXFileReference; lastKnownFileType = sourcecode.swift; path = HealthKitService.swift; sourceTree = "<group>"; };
		E6D49A37406D396DF7E8703A /* DSMotion.swift */ = {isa = PBXFileReference; lastKnownFileType = sourcecode.swift; path = DSMotion.swift; sourceTree = "<group>"; };
		E931C641C1F0F6FAC611DE43 /* ChatMessage.swift */ = {isa = PBXFileReference; lastKnownFileType = sourcecode.swift; path = ChatMessage.swift; sourceTree = "<group>"; };
		EB807FFE1EE9B8469C8D12CD /* DSChipSnapshotTests.swift */ = {isa = PBXFileReference; lastKnownFileType = sourcecode.swift; path = DSChipSnapshotTests.swift; sourceTree = "<group>"; };
		EC4991B3D708F7A206210514 /* DSHaptic.swift */ = {isa = PBXFileReference; lastKnownFileType = sourcecode.swift; path = DSHaptic.swift; sourceTree = "<group>"; };
		ECE8BD9F8463F0D12B0BD1E0 /* MeldNotificationServiceExtension.appex */ = {isa = PBXFileReference; includeInIndex = 0; lastKnownFileType = "wrapper.app-extension"; path = MeldNotificationServiceExtension.appex; sourceTree = BUILT_PRODUCTS_DIR; };
		EDE17B928958F3CFC7E25BB7 /* ZoneBadgeSnapshotTests.swift */ = {isa = PBXFileReference; lastKnownFileType = sourcecode.swift; path = ZoneBadgeSnapshotTests.swift; sourceTree = "<group>"; };
		F1226FBDD6B40220A5CD3813 /* AppDelegate.swift */ = {isa = PBXFileReference; lastKnownFileType = sourcecode.swift; path = AppDelegate.swift; sourceTree = "<group>"; };
		F3991F97F9F766D96B03567E /* RangeBand.swift */ = {isa = PBXFileReference; lastKnownFileType = sourcecode.swift; path = RangeBand.swift; sourceTree = "<group>"; };
		F42A801C73E8D57AA3590D4F /* DotArraySnapshotTests.swift */ = {isa = PBXFileReference; lastKnownFileType = sourcecode.swift; path = DotArraySnapshotTests.swift; sourceTree = "<group>"; };
		F6B4A2597339A8B0A275AB95 /* MeldSnapshotTests.xctest */ = {isa = PBXFileReference; includeInIndex = 0; lastKnownFileType = wrapper.cfbundle; path = MeldSnapshotTests.xctest; sourceTree = BUILT_PRODUCTS_DIR; };
		FA91EC063D205EA0B8D90055 /* Sparkline.swift */ = {isa = PBXFileReference; lastKnownFileType = sourcecode.swift; path = Sparkline.swift; sourceTree = "<group>"; };
/* End PBXFileReference section */

/* Begin PBXFrameworksBuildPhase section */
		43E345734D4994D2D7003C84 /* Frameworks */ = {
			isa = PBXFrameworksBuildPhase;
			buildActionMask = 2147483647;
			files = (
				73443018808E803686B210FC /* PhosphorSwift in Frameworks */,
				049A03EDDDE815A52151A71A /* Shimmer in Frameworks */,
				F2031204FA60AC25A3BB210C /* MijickPopups in Frameworks */,
				67FBEBD909255941D71DAA78 /* SwiftGlass in Frameworks */,
				CF62FCD1FC3EFB76EEDDC74A /* SwiftUIX in Frameworks */,
				D464A8E9E016DF36B6F326B6 /* SwiftUIIntrospect in Frameworks */,
				1A4EC5AE81B917B5F8F9783B /* TelemetryDeck in Frameworks */,
			);
			runOnlyForDeploymentPostprocessing = 0;
		};
		7699E3F44C008EB98F5C14B0 /* Frameworks */ = {
			isa = PBXFrameworksBuildPhase;
			buildActionMask = 2147483647;
			files = (
				7822F36A7E024EF11742B0C0 /* SnapshotTesting in Frameworks */,
			);
			runOnlyForDeploymentPostprocessing = 0;
		};
/* End PBXFrameworksBuildPhase section */

/* Begin PBXGroup section */
		02DA4AF961DCF2AB0C5EA9F3 /* MeldUITests */ = {
			isa = PBXGroup;
			children = (
				E12DC792DDDAD20690A6F32B /* MeldUITests.swift */,
			);
			path = MeldUITests;
			sourceTree = "<group>";
		};
		079CE054C0969E30BBFEBF81 /* ViewModels */ = {
			isa = PBXGroup;
			children = (
				BDF5D65016BCC5BFAA060EDD /* CoachViewModel.swift */,
				7748E20FA46205B6AB29B61D /* DashboardViewModel.swift */,
				AB9CF094E3AB361090FDE0D1 /* MealsViewModel.swift */,
				37386448CA570AD31436258F /* OnboardingViewModel.swift */,
			);
			path = ViewModels;
			sourceTree = "<group>";
		};
		0E2D76F96883454A27B9BC41 /* Meals */ = {
			isa = PBXGroup;
			children = (
				07492F282A3FB96B07B78E27 /* BarcodeScannerView.swift */,
				0DAF3D55EA08732D53B2FCFF /* CameraView.swift */,
				2CE089989AFCA5CED2A7DFB1 /* FoodConfirmationView.swift */,
				4D81FB5BB5C88DA3C1C3293D /* LogFoodSheet.swift */,
				2B9673808C71F7E93CA7F2DA /* MealsView.swift */,
				255C09E3A974CEC4B6316628 /* VoiceCaptureView.swift */,
			);
			path = Meals;
			sourceTree = "<group>";
		};
		129F1882BCA450BB26B7707A /* States */ = {
			isa = PBXGroup;
			children = (
				39778A3C52407E33060864C5 /* EmptyStateView.swift */,
				89F59D32EA80D3BDADCD9DF1 /* ErrorStateView.swift */,
				2DF8A8B34FBC6DF11879744E /* LoadingStateView.swift */,
			);
			path = States;
			sourceTree = "<group>";
		};
		13FD5A1869F8912F152C1314 /* App */ = {
			isa = PBXGroup;
			children = (
				F1226FBDD6B40220A5CD3813 /* AppDelegate.swift */,
				7C7BC2CBDD65CD305335E2ED /* MeldApp.swift */,
			);
			path = App;
			sourceTree = "<group>";
		};
		2635BD7AA06B08D4EBBDE912 /* Effects */ = {
			isa = PBXGroup;
			children = (
				EC4991B3D708F7A206210514 /* DSHaptic.swift */,
				D05C43BC5FD23C2C609BE3D8 /* GlassMorphism.swift */,
				3BD294292FFB596817A9C192 /* MascotAnimations.swift */,
			);
			path = Effects;
			sourceTree = "<group>";
		};
		26D5D90D63700D8D08C3CFF8 /* Mascot */ = {
			isa = PBXGroup;
			children = (
				76E538B8C67304D4C352553A /* MeldMascot.swift */,
			);
			path = Mascot;
			sourceTree = "<group>";
		};
		26E319A1A2D3FC0C85C238F7 /* MeldTests */ = {
			isa = PBXGroup;
			children = (
				181E32CFA113690995D3E26C /* MeldTests.swift */,
				8167364378EC3427006A416F /* RankerModelTests.swift */,
				AA0DFC0ACF9607C3B086FE64 /* SignalInsightTests.swift */,
			);
			path = MeldTests;
			sourceTree = "<group>";
		};
		2BA2F8763D49661ED6191FC4 /* Components */ = {
			isa = PBXGroup;
			children = (
				A3E07C3B9AB2C1E64BD00D12 /* DSAvatar.swift */,
				2FDDE276F06D4154BC999F63 /* DSButton.swift */,
				79861931BF73309D6E2BC8C8 /* DSCard.swift */,
				622F2F1CD0061860642B56C2 /* DSChip.swift */,
				8F8AD21DF3C1AC2CE65BF90D /* DSDataCard.swift */,
				3B20D08EEF767899E3637155 /* DSEmptyState.swift */,
				7DE7816BF15DF52F36973AF4 /* DSIcon.swift */,
				9658AC761F5E4AEAEA6E973D /* DSListRow.swift */,
				D2E71AAAA96BA320B56285F4 /* DSProgressIndicator.swift */,
				DD2F6E93116C0DD784DA442E /* DSTextField.swift */,
				0E4C403E4375121F9E1F1211 /* OfflineBanner.swift */,
			);
			path = Components;
			sourceTree = "<group>";
		};
		2BBA22C5071503EFBA2BA142 /* Dashboard */ = {
			isa = PBXGroup;
			children = (
				4EC150E18358CA4F8CDDBC9A /* CoachInsightCard.swift */,
				68B1288BD1975E823F830847 /* DashboardView.swift */,
				082F2E21560C0B593CD24568 /* MetricCardView.swift */,
				6F0A72624EDD299915C5C9FB /* MetricDetailView.swift */,
				0A3FF7FE563CB668058C480C /* RecoveryDetailView.swift */,
				A044C410042393094D1E9F46 /* SignalInsightCard.swift */,
			);
			path = Dashboard;
			sourceTree = "<group>";
		};
		47B6C7EB83101127D40382EE /* Tokens */ = {
			isa = PBXGroup;
			children = (
				BC2A9C55CA8275B2988F6D47 /* DSColor.swift */,
				D457F5559E0064C14652CEA5 /* DSElevation.swift */,
				E6D49A37406D396DF7E8703A /* DSMotion.swift */,
				092B821EC0B9E234F3D75CE3 /* DSRadius.swift */,
				59BE8D3ED588E9A7B23A5637 /* DSSpacing.swift */,
				D651CB7A7ACF2B9130B932AB /* DSTypography.swift */,
			);
			path = Tokens;
			sourceTree = "<group>";
		};
		4E0F0E90D3F88E3457482A89 /* Services */ = {
			isa = PBXGroup;
			children = (
				5148F0AE1587BD811BC77A19 /* AnalyticsService.swift */,
				C489492FE8BCEB0F999CDC53 /* APIClient.swift */,
				CF6E7C366E705DC2B5DB4394 /* AppleSignInCoordinator.swift */,
				A82011184BA3DDAA787B289B /* AuthManager.swift */,
				30670E5BE1AA4B2F03CBFC00 /* CrisisKeywords.swift */,
				E576B9A8994B06E42003B76B /* HealthKitService.swift */,
				B37A09C01EF70DF50C185293 /* KeychainStore.swift */,
				3079764C004EED8064364085 /* Logger+Meld.swift */,
				7BFD33ABD40FD835B5638619 /* NavigationCoordinator.swift */,
				4D95D0E660C8165438BE6EF6 /* NetworkMonitor.swift */,
				033478A1C5362862FAAA9E81 /* NotificationService.swift */,
				4CCE4BBAC7A61960E1B9C17C /* RankerModelManager.swift */,
				703EF7144239CD908098B87C /* SignalRanker.swift */,
			);
			path = Services;
			sourceTree = "<group>";
		};
		52A66A5B475E99D7A4E60711 /* Visualizations */ = {
			isa = PBXGroup;
			children = (
				64369E5F8BF7CDBADA092FE1 /* ArcGaugeSnapshotTests.swift */,
				F42A801C73E8D57AA3590D4F /* DotArraySnapshotTests.swift */,
				91225E427AA69BE5513CF165 /* RangeBandSnapshotTests.swift */,
				C1AB133BB73345A1E3AA5C31 /* SparklineSnapshotTests.swift */,
				EDE17B928958F3CFC7E25BB7 /* ZoneBadgeSnapshotTests.swift */,
			);
			path = Visualizations;
			sourceTree = "<group>";
		};
		54CEDA4088AB1E7E51567626 /* Trends */ = {
			isa = PBXGroup;
			children = (
				B61CC98E7AC99DAC8F42B8D7 /* TrendsView.swift */,
			);
			path = Trends;
			sourceTree = "<group>";
		};
		5EE0D34B2020B080C2D4114B /* Preview Content */ = {
			isa = PBXGroup;
			children = (
				24E040389C083F1B18CF39D3 /* Preview Assets.xcassets */,
			);
			path = "Preview Content";
			sourceTree = "<group>";
		};
		736A5AA7247F6E496E6FCF4B /* Views */ = {
			isa = PBXGroup;
			children = (
				691E16DB577A17EABDC27B9B /* MainTabView.swift */,
				F6055F47BDBFB2DBA0CC3EA5 /* Coach */,
				FDFE6DEC248457BC5AF85EF7 /* Components */,
				2BBA22C5071503EFBA2BA142 /* Dashboard */,
				0E2D76F96883454A27B9BC41 /* Meals */,
				F98E0C20F5C08A9896847D26 /* Onboarding */,
				E9E131C2431E824BBA6E43D1 /* Profile */,
				129F1882BCA450BB26B7707A /* States */,
				54CEDA4088AB1E7E51567626 /* Trends */,
			);
			path = Views;
			sourceTree = "<group>";
		};
		782FA55E46FAE8E8BE18AF2F /* Models */ = {
			isa = PBXGroup;
			children = (
				E931C641C1F0F6FAC611DE43 /* ChatMessage.swift */,
				C4B3EE9302595D9942517977 /* HealthMetrics.swift */,
				C7E4EE5F20D1F63592AAC907 /* Insight.swift */,
				677A773BE63AF573A8F858B7 /* Meal.swift */,
				9069D15F55C382A45046EE40 /* RankerModel.swift */,
				4325A7C964519BBA331DC8E3 /* SignalInsight.swift */,
				352AED50997F2CAF26A08DFC /* UserAssessment.swift */,
			);
			path = Models;
			sourceTree = "<group>";
		};
		8F2276B2A0E0437A7C538682 = {
			isa = PBXGroup;
			children = (
				CA16A1539874A1A99AFDF0F1 /* Meld */,
				EAE0BF34CBA1A3DBC5C37766 /* MeldNotificationServiceExtension */,
				B49179EE988E29FA48D3002C /* MeldSnapshotTests */,
				26E319A1A2D3FC0C85C238F7 /* MeldTests */,
				02DA4AF961DCF2AB0C5EA9F3 /* MeldUITests */,
				F762023F101187702AB60DB4 /* Products */,
			);
			sourceTree = "<group>";
		};
		93D7AF7893999DF9C5F0B6CB /* DesignSystem */ = {
			isa = PBXGroup;
			children = (
				B4A703AB8A9EB82C2D1D1416 /* DSAvatarSnapshotTests.swift */,
				5600CF7CC0538A4550178ED6 /* DSButtonSnapshotTests.swift */,
				7355738135DC23FAC740E65F /* DSCardSnapshotTests.swift */,
				EB807FFE1EE9B8469C8D12CD /* DSChipSnapshotTests.swift */,
				A452EB18C45CD5553111451F /* DSDataCardSnapshotTests.swift */,
				4015FC3F7DDE4CA511CC76CC /* DSEmptyStateSnapshotTests.swift */,
				B630C385E92B373DF16C83E2 /* DSListRowSnapshotTests.swift */,
				7108B557E7643EAFB3E5E164 /* DSProgressIndicatorSnapshotTests.swift */,
				B824A60361B4B935F83B171A /* DSTextFieldSnapshotTests.swift */,
			);
			path = DesignSystem;
			sourceTree = "<group>";
		};
		96277DD300B32E3D72A22E08 /* Mascot */ = {
			isa = PBXGroup;
			children = (
				1DA9B21D09348F0AEA63ACEB /* MeldMascotSnapshotTests.swift */,
			);
			path = Mascot;
			sourceTree = "<group>";
		};
		B49179EE988E29FA48D3002C /* MeldSnapshotTests */ = {
			isa = PBXGroup;
			children = (
				93D7AF7893999DF9C5F0B6CB /* DesignSystem */,
				96277DD300B32E3D72A22E08 /* Mascot */,
				E023FA0092B2C7A1F58084FB /* States */,
				52A66A5B475E99D7A4E60711 /* Visualizations */,
			);
			path = MeldSnapshotTests;
			sourceTree = "<group>";
		};
		BF4C94953280379BE24165BD /* Visualizations */ = {
			isa = PBXGroup;
			children = (
				E32A9C7851C52EEB802E74FB /* ArcGauge.swift */,
				E2CC31EBD93056DA9519BB8A /* DotArray.swift */,
				F3991F97F9F766D96B03567E /* RangeBand.swift */,
				FA91EC063D205EA0B8D90055 /* Sparkline.swift */,
				151483947BCE621ACE5CF5D4 /* ZoneBadge.swift */,
			);
			path = Visualizations;
			sourceTree = "<group>";
		};
		CA16A1539874A1A99AFDF0F1 /* Meld */ = {
			isa = PBXGroup;
			children = (
				87A36DDF41CC0337701027D5 /* Info.plist */,
				CD9B91CEFE4C1E99113A6C5B /* Meld.entitlements */,
				13FD5A1869F8912F152C1314 /* App */,
				FBB1439287B4395C64983D89 /* DesignSystem */,
				782FA55E46FAE8E8BE18AF2F /* Models */,
				5EE0D34B2020B080C2D4114B /* Preview Content */,
				CF75C71F907737DC855264D1 /* Resources */,
				4E0F0E90D3F88E3457482A89 /* Services */,
				079CE054C0969E30BBFEBF81 /* ViewModels */,
				736A5AA7247F6E496E6FCF4B /* Views */,
			);
			path = Meld;
			sourceTree = "<group>";
		};
		CF75C71F907737DC855264D1 /* Resources */ = {
			isa = PBXGroup;
			children = (
				073E4AA91D6E3F6E31B3BBB4 /* Assets.xcassets */,
				E2F590FCDC8A6AE252FDDBEE /* Fonts */,
			);
			path = Resources;
			sourceTree = "<group>";
		};
		E023FA0092B2C7A1F58084FB /* States */ = {
			isa = PBXGroup;
			children = (
				405A3E74BBCE91ED93B250C1 /* ViewStateSnapshotTests.swift */,
			);
			path = States;
			sourceTree = "<group>";
		};
		E2F590FCDC8A6AE252FDDBEE /* Fonts */ = {
			isa = PBXGroup;
			children = (
				0232FED9B4A5A7D443085BBB /* Roboto-Bold.ttf */,
				59BA876ED8BDBC90DBE0E3CA /* Roboto-Light.ttf */,
				9A472D250C42F3714DE0AFD3 /* Roboto-Medium.ttf */,
				8EC5E74368D8943CC20618E8 /* Roboto-Regular.ttf */,
				3871F1222DEADF374EF98834 /* Roboto-Thin.ttf */,
			);
			path = Fonts;
			sourceTree = "<group>";
		};
		E9E131C2431E824BBA6E43D1 /* Profile */ = {
			isa = PBXGroup;
			children = (
				BA09EEF9F2DE9C2564FED8C7 /* DataSourceDetailView.swift */,
				DB14712B553170388A7633BD /* GarminLoginView.swift */,
				7811C768E00CA12AE37751EA /* NotificationPreferencesView.swift */,
				9A17E59FC3EA7B36AFFFF58D /* PelotonLoginView.swift */,
				C5E9CC5FD1CDD07B7A7B4805 /* ProfileSettingsView.swift */,
			);
			path = Profile;
			sourceTree = "<group>";
		};
		EA60F26B92175BE4251D62B2 /* Preview */ = {
			isa = PBXGroup;
			children = (
				12CA06FB8897D4CE836BC60F /* DesignSystemPreview.swift */,
			);
			path = Preview;
			sourceTree = "<group>";
		};
		EAE0BF34CBA1A3DBC5C37766 /* MeldNotificationServiceExtension */ = {
			isa = PBXGroup;
			children = (
				B1B3AF7AB5A792CB9B96BDE6 /* Info.plist */,
				57CD94E52E4209321D0589F1 /* NotificationService.swift */,
				C6F30B2F73B5093C9F33D737 /* recovery-high.png */,
				28B16D92818ECFF2187284DC /* recovery-low.png */,
				71C3827D63F7C141D11EBAD3 /* recovery-moderate.png */,
			);
			path = MeldNotificationServiceExtension;
			sourceTree = "<group>";
		};
		F6055F47BDBFB2DBA0CC3EA5 /* Coach */ = {
			isa = PBXGroup;
			children = (
				D47A150C8BE1F1B52EA6E9BA /* CoachChatView.swift */,
			);
			path = Coach;
			sourceTree = "<group>";
		};
		F762023F101187702AB60DB4 /* Products */ = {
			isa = PBXGroup;
			children = (
				B6D531E605140D227604EF41 /* Meld.app */,
				ECE8BD9F8463F0D12B0BD1E0 /* MeldNotificationServiceExtension.appex */,
				F6B4A2597339A8B0A275AB95 /* MeldSnapshotTests.xctest */,
				7BAB2F2D4E6D31C7F0E899AA /* MeldTests.xctest */,
				5E0C37A57943BFD8B0F4BF5B /* MeldUITests.xctest */,
			);
			name = Products;
			sourceTree = "<group>";
		};
		F98E0C20F5C08A9896847D26 /* Onboarding */ = {
			isa = PBXGroup;
			children = (
				AED030CB95868D24224A21A0 /* ConnectDataView.swift */,
				C2182C8DEED719965C5EBE6E /* FirstSyncView.swift */,
				E38FFD1C8B13E2A1BA86E1A2 /* GoalsView.swift */,
				5D824ABE3A75752B22C77E9E /* NotificationPrimingView.swift */,
				4D32123BFA2F6917C59DB724 /* OnboardingFlow.swift */,
				4CBCB3D113F619C4CC72D33A /* QuickProfileView.swift */,
				1C125B219CBD0F990AC4FF70 /* WelcomeView.swift */,
			);
			path = Onboarding;
			sourceTree = "<group>";
		};
		FBB1439287B4395C64983D89 /* DesignSystem */ = {
			isa = PBXGroup;
			children = (
				2BA2F8763D49661ED6191FC4 /* Components */,
				2635BD7AA06B08D4EBBDE912 /* Effects */,
				26D5D90D63700D8D08C3CFF8 /* Mascot */,
				EA60F26B92175BE4251D62B2 /* Preview */,
				47B6C7EB83101127D40382EE /* Tokens */,
				BF4C94953280379BE24165BD /* Visualizations */,
			);
			path = DesignSystem;
			sourceTree = "<group>";
		};
		FDFE6DEC248457BC5AF85EF7 /* Components */ = {
			isa = PBXGroup;
			children = (
				0607A6967CC83E94C077DD54 /* ComponentShowcase.swift */,
				564DE43B9822F20152459D00 /* MeldTabBar.swift */,
				9756CFF2A582F160C1A0C853 /* PlaceholderTab.swift */,
				4C237B3745CA79E10538D385 /* TabIcons.swift */,
			);
			path = Components;
			sourceTree = "<group>";
		};
/* End PBXGroup section */

/* Begin PBXNativeTarget section */
		32E815CE914C3602D1BAA0B4 /* MeldNotificationServiceExtension */ = {
			isa = PBXNativeTarget;
			buildConfigurationList = D815A0B2A88F1E29A05E01A5 /* Build configuration list for PBXNativeTarget "MeldNotificationServiceExtension" */;
			buildPhases = (
				E5727FBEB1B3C04E1F2FECD4 /* Sources */,
				20F6B5A7CD0EC846DC78108D /* Resources */,
			);
			buildRules = (
			);
			dependencies = (
			);
			name = MeldNotificationServiceExtension;
			packageProductDependencies = (
			);
			productName = MeldNotificationServiceExtension;
			productReference = ECE8BD9F8463F0D12B0BD1E0 /* MeldNotificationServiceExtension.appex */;
			productType = "com.apple.product-type.app-extension";
		};
		6708B8A2908FCF03B350FD07 /* Meld */ = {
			isa = PBXNativeTarget;
			buildConfigurationList = 02EC38D66E1CF9B1281AA5A5 /* Build configuration list for PBXNativeTarget "Meld" */;
			buildPhases = (
				85519F7A1ECDF7E362DD7BC3 /* Sources */,
				DA2D935A4CE432C29866C84F /* Resources */,
				43E345734D4994D2D7003C84 /* Frameworks */,
				441722DF101F95D47EAF328A /* Embed Foundation Extensions */,
			);
			buildRules = (
			);
			dependencies = (
				B6A286224BB6FB7AADD8C9E9 /* PBXTargetDependency */,
			);
			name = Meld;
			packageProductDependencies = (
				909B22674938CED539216C4B /* PhosphorSwift */,
				BBEB8B5BADC2E725B4B15264 /* Shimmer */,
				7B143F5AFB4D029ED975F97A /* MijickPopups */,
				325BBE46ABE53B068F710535 /* SwiftGlass */,
				D4EDA40580E8786157E9E97B /* SwiftUIX */,
				0E2225D39A962660B94F94A9 /* SwiftUIIntrospect */,
				CA05DBA57E9A9082A414553E /* TelemetryDeck */,
			);
			productName = Meld;
			productReference = B6D531E605140D227604EF41 /* Meld.app */;
			productType = "com.apple.product-type.application";
		};
		74855E5B121B9A9E077C34BA /* MeldTests */ = {
			isa = PBXNativeTarget;
			buildConfigurationList = 9C2E53B3F7D681025A1685F2 /* Build configuration list for PBXNativeTarget "MeldTests" */;
			buildPhases = (
				22FB620CDAA29D937032C58D /* Sources */,
			);
			buildRules = (
			);
			dependencies = (
				5E43BA365E1C20877D7F14F5 /* PBXTargetDependency */,
			);
			name = MeldTests;
			packageProductDependencies = (
			);
			productName = MeldTests;
			productReference = 7BAB2F2D4E6D31C7F0E899AA /* MeldTests.xctest */;
			productType = "com.apple.product-type.bundle.unit-test";
		};
		AF5FE20FFC42ED85DFA9D7AC /* MeldUITests */ = {
			isa = PBXNativeTarget;
			buildConfigurationList = D9FDBE0FF66FE32DC98546BC /* Build configuration list for PBXNativeTarget "MeldUITests" */;
			buildPhases = (
				F62FE392CC178AC867B81578 /* Sources */,
			);
			buildRules = (
			);
			dependencies = (
				16B0D4A1B3C5B07C14032787 /* PBXTargetDependency */,
			);
			name = MeldUITests;
			packageProductDependencies = (
			);
			productName = MeldUITests;
			productReference = 5E0C37A57943BFD8B0F4BF5B /* MeldUITests.xctest */;
			productType = "com.apple.product-type.bundle.ui-testing";
		};
		CEE452FDA199B4E760E2B622 /* MeldSnapshotTests */ = {
			isa = PBXNativeTarget;
			buildConfigurationList = 5E42F44E5FF9793A1121EB0B /* Build configuration list for PBXNativeTarget "MeldSnapshotTests" */;
			buildPhases = (
				83C05849ACE8C997BD2FBD3F /* Sources */,
				7699E3F44C008EB98F5C14B0 /* Frameworks */,
			);
			buildRules = (
			);
			dependencies = (
				9F43AAAD32D8D8512D54768E /* PBXTargetDependency */,
			);
			name = MeldSnapshotTests;
			packageProductDependencies = (
				EC25923D24652807F4D4AFCA /* SnapshotTesting */,
			);
			productName = MeldSnapshotTests;
			productReference = F6B4A2597339A8B0A275AB95 /* MeldSnapshotTests.xctest */;
			productType = "com.apple.product-type.bundle.unit-test";
		};
/* End PBXNativeTarget section */

/* Begin PBXProject section */
		21FDA16C998EB9C8770A1650 /* Project object */ = {
			isa = PBXProject;
			attributes = {
				BuildIndependentTargetsInParallel = YES;
				LastUpgradeCheck = 1600;
				TargetAttributes = {
					32E815CE914C3602D1BAA0B4 = {
						DevelopmentTeam = 8HA7S8AFF7;
					};
					6708B8A2908FCF03B350FD07 = {
						DevelopmentTeam = 8HA7S8AFF7;
					};
					74855E5B121B9A9E077C34BA = {
						DevelopmentTeam = 8HA7S8AFF7;
					};
					AF5FE20FFC42ED85DFA9D7AC = {
						DevelopmentTeam = 8HA7S8AFF7;
						TestTargetID = 6708B8A2908FCF03B350FD07;
					};
					CEE452FDA199B4E760E2B622 = {
						DevelopmentTeam = 8HA7S8AFF7;
					};
				};
			};
			buildConfigurationList = 0A9F808ED62B7DE7227EAA15 /* Build configuration list for PBXProject "Meld" */;
			developmentRegion = en;
			hasScannedForEncodings = 0;
			knownRegions = (
				Base,
				en,
			);
			mainGroup = 8F2276B2A0E0437A7C538682;
			minimizedProjectReferenceProxies = 1;
			packageReferences = (
				BC29C4492D3A353CDB20AE86 /* XCRemoteSwiftPackageReference "swift" */,
				DE631534620139F2C772CC67 /* XCRemoteSwiftPackageReference "Popups" */,
				7E54CD3E48FE2B6E8779C88B /* XCRemoteSwiftPackageReference "swift-snapshot-testing" */,
				A39310640EC88DDFF53A368F /* XCRemoteSwiftPackageReference "SwiftGlass" */,
				E9091FF6A76E3BA670352149 /* XCRemoteSwiftPackageReference "SwiftUI-Shimmer" */,
				E478C0743CE028035A3EB0F4 /* XCRemoteSwiftPackageReference "SwiftUIX" */,
				2AA527EA98E8705D6F3D91EB /* XCRemoteSwiftPackageReference "SwiftSDK" */,
				AC708B4A93D3BA5A0E4A6370 /* XCRemoteSwiftPackageReference "swiftui-introspect" */,
			);
			preferredProjectObjectVersion = 77;
			productRefGroup = F762023F101187702AB60DB4 /* Products */;
			projectDirPath = "";
			projectRoot = "";
			targets = (
				6708B8A2908FCF03B350FD07 /* Meld */,
				32E815CE914C3602D1BAA0B4 /* MeldNotificationServiceExtension */,
				CEE452FDA199B4E760E2B622 /* MeldSnapshotTests */,
				74855E5B121B9A9E077C34BA /* MeldTests */,
				AF5FE20FFC42ED85DFA9D7AC /* MeldUITests */,
			);
		};
/* End PBXProject section */

/* Begin PBXResourcesBuildPhase section */
		20F6B5A7CD0EC846DC78108D /* Resources */ = {
			isa = PBXResourcesBuildPhase;
			buildActionMask = 2147483647;
			files = (
				06A69D34A65E37F5188E189A /* recovery-high.png in Resources */,
				1DC39B924800CD9FC028CFEE /* recovery-low.png in Resources */,
				F7C190F260395A22861DB3AC /* recovery-moderate.png in Resources */,
			);
			runOnlyForDeploymentPostprocessing = 0;
		};
		DA2D935A4CE432C29866C84F /* Resources */ = {
			isa = PBXResourcesBuildPhase;
			buildActionMask = 2147483647;
			files = (
				457B8A3447097FC4BF85E7A4 /* Assets.xcassets in Resources */,
				E7064A094486FBAD2FF7247C /* Preview Assets.xcassets in Resources */,
				34CC3E9AB4066F319295B8C2 /* Roboto-Bold.ttf in Resources */,
				0C3D73E975E24D01954FB2B3 /* Roboto-Light.ttf in Resources */,
				21BBC242D75BEDC60F80A295 /* Roboto-Medium.ttf in Resources */,
				8B6EA651AC579F8BC176ED9F /* Roboto-Regular.ttf in Resources */,
				B28092A66F2124B884F747C1 /* Roboto-Thin.ttf in Resources */,
			);
			runOnlyForDeploymentPostprocessing = 0;
		};
/* End PBXResourcesBuildPhase section */

/* Begin PBXSourcesBuildPhase section */
		22FB620CDAA29D937032C58D /* Sources */ = {
			isa = PBXSourcesBuildPhase;
			buildActionMask = 2147483647;
			files = (
				B283DB7953B0B6BD39135396 /* MeldTests.swift in Sources */,
				497FD27C60394A29DB8568E2 /* RankerModelTests.swift in Sources */,
				400C68266CFD45E9098D2D16 /* SignalInsightTests.swift in Sources */,
			);
			runOnlyForDeploymentPostprocessing = 0;
		};
		83C05849ACE8C997BD2FBD3F /* Sources */ = {
			isa = PBXSourcesBuildPhase;
			buildActionMask = 2147483647;
			files = (
				3F22E85FF794EC1AF81CC9EA /* ArcGaugeSnapshotTests.swift in Sources */,
				BF13978C2EB16C35BC8055DB /* DSAvatarSnapshotTests.swift in Sources */,
				41681A120B660F9A7D2D0B4C /* DSButtonSnapshotTests.swift in Sources */,
				B3EE94E3CF2E417C2A09B33D /* DSCardSnapshotTests.swift in Sources */,
				C0837AE81D8DF150332D41F9 /* DSChipSnapshotTests.swift in Sources */,
				26EE0267F1CE63CC781264F9 /* DSDataCardSnapshotTests.swift in Sources */,
				B61F61DC209FBD81F2167BDD /* DSEmptyStateSnapshotTests.swift in Sources */,
				2D7EAD81714CE111264113FD /* DSListRowSnapshotTests.swift in Sources */,
				215EC51841FE141DAE5808E1 /* DSProgressIndicatorSnapshotTests.swift in Sources */,
				3E02A52589A94F67BA8C7BA9 /* DSTextFieldSnapshotTests.swift in Sources */,
				47928EC11844DDC2D299ED7B /* DotArraySnapshotTests.swift in Sources */,
				899BD73E470F2B75F6425AE9 /* MeldMascotSnapshotTests.swift in Sources */,
				D64C49BD59822C477E8275A7 /* RangeBandSnapshotTests.swift in Sources */,
				8AC955BC15537CC029D46371 /* SparklineSnapshotTests.swift in Sources */,
				9131320FF7BB9468EE2ABF6E /* ViewStateSnapshotTests.swift in Sources */,
				80BEDF6C2A829C839B3DDF67 /* ZoneBadgeSnapshotTests.swift in Sources */,
			);
			runOnlyForDeploymentPostprocessing = 0;
		};
		85519F7A1ECDF7E362DD7BC3 /* Sources */ = {
			isa = PBXSourcesBuildPhase;
			buildActionMask = 2147483647;
			files = (
				18432C67A644D4C59BEE778D /* APIClient.swift in Sources */,
				3D1D3EFC622ADDE59731D782 /* AnalyticsService.swift in Sources */,
				9B390368AD3926BCEA948FBF /* AppDelegate.swift in Sources */,
				D21FAAD72E19C8B7D6CCE870 /* AppleSignInCoordinator.swift in Sources */,
				646F6EBB0D38715D63D8D078 /* ArcGauge.swift in Sources */,
				B98055A3501CFEF632F48184 /* AuthManager.swift in Sources */,
				24B38CCDFF62FDA8FDFA0C42 /* BarcodeScannerView.swift in Sources */,
				0DCE3A4CF339F24CAE6E1976 /* CameraView.swift in Sources */,
				113D3E0D78B2AC0CC84227A1 /* ChatMessage.swift in Sources */,
				392C0B68D015E27FA7A93A47 /* CoachChatView.swift in Sources */,
				961090D396931216EDCFCD44 /* CoachInsightCard.swift in Sources */,
				2993EA0F3AC1D1C51CB2DF32 /* CoachViewModel.swift in Sources */,
				B705B42063E8B8FADBF3DFAF /* ComponentShowcase.swift in Sources */,
				34980ECBCB371C693817295C /* ConnectDataView.swift in Sources */,
				CC32E5195EF2F3D791D35EE6 /* CrisisKeywords.swift in Sources */,
				D6F30F873713247C43C32F74 /* DSAvatar.swift in Sources */,
				B430ECE2FAF53AD130FA5622 /* DSButton.swift in Sources */,
				763D11C0C419CD5B1A5A8F2B /* DSCard.swift in Sources */,
				EC77FA137F91B81A689F1CB6 /* DSChip.swift in Sources */,
				4BB7955934D431C4EB50E3A0 /* DSColor.swift in Sources */,
				CBB3F01C23877B0B9AF5BDFA /* DSDataCard.swift in Sources */,
				F09B00C1994CDF1BF09C04C0 /* DSElevation.swift in Sources */,
				3FF5B3C5148097F99D99386C /* DSEmptyState.swift in Sources */,
				01675907A16E699FA0279F46 /* DSHaptic.swift in Sources */,
				40D4B6BBE99087CC15287B90 /* DSIcon.swift in Sources */,
				59949FDC178D9686C512A2A7 /* DSListRow.swift in Sources */,
				325FBF88091588ACDB060B17 /* DSMotion.swift in Sources */,
				9B5DFAE4ECBB894C7E347557 /* DSProgressIndicator.swift in Sources */,
				0C50F126F62B310FCC7F7AEC /* DSRadius.swift in Sources */,
				62BDCDD99193465D13B41A74 /* DSSpacing.swift in Sources */,
				C19AE17FFB4B978910912454 /* DSTextField.swift in Sources */,
				837343980B2924BF5D31E199 /* DSTypography.swift in Sources */,
				BDFE1F05C8F7CBA4CCA12061 /* DashboardView.swift in Sources */,
				34D438FA2F8EEF10980CF3C2 /* DashboardViewModel.swift in Sources */,
				5EF80B0ED71D72E582EF3302 /* DataSourceDetailView.swift in Sources */,
				12003053E2EC75F0E1861891 /* DesignSystemPreview.swift in Sources */,
				8F6A3321C431A597971FE90C /* DotArray.swift in Sources */,
				E867FA1ADF22608A67E80DF4 /* EmptyStateView.swift in Sources */,
				B067D026113E16326C1D1314 /* ErrorStateView.swift in Sources */,
				5675784FB792BAB61892AF14 /* FirstSyncView.swift in Sources */,
				94CF51B80E6241E21C5DA95E /* FoodConfirmationView.swift in Sources */,
				D593B941D71666798123D34F /* GarminLoginView.swift in Sources */,
				5985241318596586B90E4E4B /* GlassMorphism.swift in Sources */,
				718AEE142F719E94848E2EBE /* GoalsView.swift in Sources */,
				C6AB4CC26A435D852720177C /* HealthKitService.swift in Sources */,
				38D294C1034AD62B844EDD60 /* HealthMetrics.swift in Sources */,
				BEEF9F17DC1D4A6389F5C0C3 /* Insight.swift in Sources */,
				B5F8C7BCD0BB85DFB5F785BA /* KeychainStore.swift in Sources */,
				B8C0DB5BEB9601E7209F8C6F /* LoadingStateView.swift in Sources */,
				9A6B0254AE9758BF3ADBA82F /* LogFoodSheet.swift in Sources */,
				B335FD692C338BCAB5B0CD50 /* Logger+Meld.swift in Sources */,
				6549AA04CC32EBEA73782E61 /* MainTabView.swift in Sources */,
				4248E5EBB9E8CB88BFAF1CE2 /* MascotAnimations.swift in Sources */,
				C8DCBC359A0322EF17CDA92E /* Meal.swift in Sources */,
				78F70D45D6C3CB6DB8639CDA /* MealsView.swift in Sources */,
				F5F13D9819B0D8A0A9FA1BA6 /* MealsViewModel.swift in Sources */,
				6B6C31C57013A4A257A2A531 /* MeldApp.swift in Sources */,
				E5DFEDEB01898E630F6EDCC1 /* MeldMascot.swift in Sources */,
				A177988A131646C49B36E74B /* MeldTabBar.swift in Sources */,
				D4BC2320AEC17E40261EFCFD /* MetricCardView.swift in Sources */,
				94F43E876767471E5FF7C0DF /* MetricDetailView.swift in Sources */,
				F0256623F6D45B906730476F /* NavigationCoordinator.swift in Sources */,
				2FB3BF95E3DA5021EA6AC5F0 /* NetworkMonitor.swift in Sources */,
				A758E71AD3B40AB2F327D597 /* NotificationPreferencesView.swift in Sources */,
				222C231F31335482DD6B5953 /* NotificationPrimingView.swift in Sources */,
				2DB3B30A61F9115E255B0343 /* NotificationService.swift in Sources */,
				6D4E960B090DE48F6723D657 /* OfflineBanner.swift in Sources */,
				2335AA2472F01D931DE3A599 /* OnboardingFlow.swift in Sources */,
				CE7AD5652EF337BC1ABF15B9 /* OnboardingViewModel.swift in Sources */,
				F2A50E2C3B36047B8A629574 /* PelotonLoginView.swift in Sources */,
				BD6B2325892F7FA7324DED7A /* PlaceholderTab.swift in Sources */,
				27E7437F21495A867503F7FC /* ProfileSettingsView.swift in Sources */,
				6DAECE8EC0AF9390EB9BAE1E /* QuickProfileView.swift in Sources */,
				87F40B59AEFB95CEC87651EB /* RangeBand.swift in Sources */,
				08DF9E35BDF330A0F36B72E3 /* RankerModel.swift in Sources */,
				1897E900D05B47EAC3FD43AE /* RankerModelManager.swift in Sources */,
				38D623D3C6522A051D2C06ED /* RecoveryDetailView.swift in Sources */,
				5E31785B96E788A9C3D5D012 /* SignalInsight.swift in Sources */,
				3AA2092E51C199EFEB089037 /* SignalInsightCard.swift in Sources */,
				8166F681F3EDC1C8941B8BC6 /* SignalRanker.swift in Sources */,
				D96F10973D822914F6BDA955 /* Sparkline.swift in Sources */,
				27C3A3E61776B0552EFD331E /* TabIcons.swift in Sources */,
				71DCA462CA57CC42E6CF392A /* TrendsView.swift in Sources */,
				C536E91A8D0672C333433135 /* UserAssessment.swift in Sources */,
				2FB5DABD030563DA0EE9D926 /* VoiceCaptureView.swift in Sources */,
				1C731A5F0819F4C223CEE2DB /* WelcomeView.swift in Sources */,
				D7C7E3DB8D68BB558D6DF77F /* ZoneBadge.swift in Sources */,
			);
			runOnlyForDeploymentPostprocessing = 0;
		};
		E5727FBEB1B3C04E1F2FECD4 /* Sources */ = {
			isa = PBXSourcesBuildPhase;
			buildActionMask = 2147483647;
			files = (
				E132D4D9BDE09EFFABEA4168 /* NotificationService.swift in Sources */,
			);
			runOnlyForDeploymentPostprocessing = 0;
		};
		F62FE392CC178AC867B81578 /* Sources */ = {
			isa = PBXSourcesBuildPhase;
			buildActionMask = 2147483647;
			files = (
				8DB37BAA49E705577EDCB0ED /* MeldUITests.swift in Sources */,
			);
			runOnlyForDeploymentPostprocessing = 0;
		};
/* End PBXSourcesBuildPhase section */

/* Begin PBXTargetDependency section */
		16B0D4A1B3C5B07C14032787 /* PBXTargetDependency */ = {
			isa = PBXTargetDependency;
			target = 6708B8A2908FCF03B350FD07 /* Meld */;
			targetProxy = 996A84AC7AB45620D932951B /* PBXContainerItemProxy */;
		};
		5E43BA365E1C20877D7F14F5 /* PBXTargetDependency */ = {
			isa = PBXTargetDependency;
			target = 6708B8A2908FCF03B350FD07 /* Meld */;
			targetProxy = 0E806B9E024E81E9EECD871C /* PBXContainerItemProxy */;
		};
		9F43AAAD32D8D8512D54768E /* PBXTargetDependency */ = {
			isa = PBXTargetDependency;
			target = 6708B8A2908FCF03B350FD07 /* Meld */;
			targetProxy = D61CCCB524D98ED835D21796 /* PBXContainerItemProxy */;
		};
		B6A286224BB6FB7AADD8C9E9 /* PBXTargetDependency */ = {
			isa = PBXTargetDependency;
			target = 32E815CE914C3602D1BAA0B4 /* MeldNotificationServiceExtension */;
			targetProxy = 0B2CE57D505DC678AA75607F /* PBXContainerItemProxy */;
		};
/* End PBXTargetDependency section */

/* Begin XCBuildConfiguration section */
		0159B3EA047E41758C8E9966 /* Debug */ = {
			isa = XCBuildConfiguration;
			buildSettings = {
				BUNDLE_LOADER = "$(TEST_HOST)";
				GENERATE_INFOPLIST_FILE = YES;
				LD_RUNPATH_SEARCH_PATHS = (
					"$(inherited)",
					"@executable_path/Frameworks",
					"@loader_path/Frameworks",
				);
				PRODUCT_BUNDLE_IDENTIFIER = com.heymeld.MeldSnapshotTests;
				SDKROOT = iphoneos;
				TARGETED_DEVICE_FAMILY = "1,2";
				TEST_HOST = "$(BUILT_PRODUCTS_DIR)/Meld.app/Meld";
			};
			name = Debug;
		};
		1754020885C41DD99B8A8670 /* Release */ = {
			isa = XCBuildConfiguration;
			buildSettings = {
				BUNDLE_LOADER = "$(TEST_HOST)";
				GENERATE_INFOPLIST_FILE = YES;
				LD_RUNPATH_SEARCH_PATHS = (
					"$(inherited)",
					"@executable_path/Frameworks",
					"@loader_path/Frameworks",
				);
				PRODUCT_BUNDLE_IDENTIFIER = com.heymeld.MeldSnapshotTests;
				SDKROOT = iphoneos;
				TARGETED_DEVICE_FAMILY = "1,2";
				TEST_HOST = "$(BUILT_PRODUCTS_DIR)/Meld.app/Meld";
			};
			name = Release;
		};
		2FB2588AEAC9774FABFD79C4 /* Release */ = {
			isa = XCBuildConfiguration;
			buildSettings = {
				INFOPLIST_FILE = MeldNotificationServiceExtension/Info.plist;
				LD_RUNPATH_SEARCH_PATHS = (
					"$(inherited)",
					"@executable_path/Frameworks",
					"@executable_path/../../Frameworks",
				);
				PRODUCT_BUNDLE_IDENTIFIER = "com.heymeld.app.notification-service";
				SDKROOT = iphoneos;
				TARGETED_DEVICE_FAMILY = "1,2";
			};
			name = Release;
		};
		3283EADECA7E6CC4BC84A70A /* Release */ = {
			isa = XCBuildConfiguration;
			buildSettings = {
				BUNDLE_LOADER = "$(TEST_HOST)";
				GENERATE_INFOPLIST_FILE = YES;
				LD_RUNPATH_SEARCH_PATHS = (
					"$(inherited)",
					"@executable_path/Frameworks",
					"@loader_path/Frameworks",
				);
				PRODUCT_BUNDLE_IDENTIFIER = com.heymeld.MeldUITests;
				SDKROOT = iphoneos;
				TARGETED_DEVICE_FAMILY = "1,2";
				TEST_TARGET_NAME = Meld;
			};
			name = Release;
		};
		6E15817F7FEAE7350005E1CA /* Debug */ = {
			isa = XCBuildConfiguration;
			buildSettings = {
				BUNDLE_LOADER = "$(TEST_HOST)";
				GENERATE_INFOPLIST_FILE = YES;
				LD_RUNPATH_SEARCH_PATHS = (
					"$(inherited)",
					"@executable_path/Frameworks",
					"@loader_path/Frameworks",
				);
				PRODUCT_BUNDLE_IDENTIFIER = com.heymeld.MeldTests;
				SDKROOT = iphoneos;
				TARGETED_DEVICE_FAMILY = "1,2";
				TEST_HOST = "$(BUILT_PRODUCTS_DIR)/Meld.app/Meld";
			};
			name = Debug;
		};
		8C12BEC7B46A3CEC255F6902 /* Release */ = {
			isa = XCBuildConfiguration;
			buildSettings = {
				ALWAYS_SEARCH_USER_PATHS = NO;
				API_BASE_URL = "https:/$()/zippy-forgiveness-production-0704.up.railway.app/api";
				CLANG_ANALYZER_NONNULL = YES;
				CLANG_ANALYZER_NUMBER_OBJECT_CONVERSION = YES_AGGRESSIVE;
				CLANG_CXX_LANGUAGE_STANDARD = "gnu++14";
				CLANG_CXX_LIBRARY = "libc++";
				CLANG_ENABLE_MODULES = YES;
				CLANG_ENABLE_OBJC_ARC = YES;
				CLANG_ENABLE_OBJC_WEAK = YES;
				CLANG_WARN_BLOCK_CAPTURE_AUTORELEASING = YES;
				CLANG_WARN_BOOL_CONVERSION = YES;
				CLANG_WARN_COMMA = YES;
				CLANG_WARN_CONSTANT_CONVERSION = YES;
				CLANG_WARN_DEPRECATED_OBJC_IMPLEMENTATIONS = YES;
				CLANG_WARN_DIRECT_OBJC_ISA_USAGE = YES_ERROR;
				CLANG_WARN_DOCUMENTATION_COMMENTS = YES;
				CLANG_WARN_EMPTY_BODY = YES;
				CLANG_WARN_ENUM_CONVERSION = YES;
				CLANG_WARN_INFINITE_RECURSION = YES;
				CLANG_WARN_INT_CONVERSION = YES;
				CLANG_WARN_NON_LITERAL_NULL_CONVERSION = YES;
				CLANG_WARN_OBJC_IMPLICIT_RETAIN_SELF = YES;
				CLANG_WARN_OBJC_LITERAL_CONVERSION = YES;
				CLANG_WARN_OBJC_ROOT_CLASS = YES_ERROR;
				CLANG_WARN_QUOTED_INCLUDE_IN_FRAMEWORK_HEADER = YES;
				CLANG_WARN_RANGE_LOOP_ANALYSIS = YES;
				CLANG_WARN_STRICT_PROTOTYPES = YES;
				CLANG_WARN_SUSPICIOUS_MOVE = YES;
				CLANG_WARN_UNGUARDED_AVAILABILITY = YES_AGGRESSIVE;
				CLANG_WARN_UNREACHABLE_CODE = YES;
				CLANG_WARN__DUPLICATE_METHOD_MATCH = YES;
				COPY_PHASE_STRIP = NO;
				CURRENT_PROJECT_VERSION = 6;
				DEBUG_INFORMATION_FORMAT = "dwarf-with-dsym";
				DEVELOPMENT_TEAM = 8HA7S8AFF7;
				ENABLE_NS_ASSERTIONS = NO;
				ENABLE_STRICT_OBJC_MSGSEND = YES;
				GCC_C_LANGUAGE_STANDARD = gnu11;
				GCC_NO_COMMON_BLOCKS = YES;
				GCC_WARN_64_TO_32_BIT_CONVERSION = YES;
				GCC_WARN_ABOUT_RETURN_TYPE = YES_ERROR;
				GCC_WARN_UNDECLARED_SELECTOR = YES;
				GCC_WARN_UNINITIALIZED_AUTOS = YES_AGGRESSIVE;
				GCC_WARN_UNUSED_FUNCTION = YES;
				GCC_WARN_UNUSED_VARIABLE = YES;
				IPHONEOS_DEPLOYMENT_TARGET = 17.0;
				MARKETING_VERSION = 0.1.0;
				MTL_ENABLE_DEBUG_INFO = NO;
				MTL_FAST_MATH = YES;
				PRODUCT_NAME = "$(TARGET_NAME)";
				SDKROOT = iphoneos;
				SWIFT_COMPILATION_MODE = wholemodule;
				SWIFT_OPTIMIZATION_LEVEL = "-O";
				SWIFT_VERSION = 6.0;
			};
			name = Release;
		};
		9A5D4B3423BD3C6126A0C727 /* Debug */ = {
			isa = XCBuildConfiguration;
			buildSettings = {
				BUNDLE_LOADER = "$(TEST_HOST)";
				GENERATE_INFOPLIST_FILE = YES;
				LD_RUNPATH_SEARCH_PATHS = (
					"$(inherited)",
					"@executable_path/Frameworks",
					"@loader_path/Frameworks",
				);
				PRODUCT_BUNDLE_IDENTIFIER = com.heymeld.MeldUITests;
				SDKROOT = iphoneos;
				TARGETED_DEVICE_FAMILY = "1,2";
				TEST_TARGET_NAME = Meld;
			};
			name = Debug;
		};
		A61CA3A2A202CE8B5D5A79E7 /* Debug */ = {
			isa = XCBuildConfiguration;
			buildSettings = {
				ALWAYS_SEARCH_USER_PATHS = NO;
				API_BASE_URL = "http:/$()/100.104.76.64:8000/api";
				CLANG_ANALYZER_NONNULL = YES;
				CLANG_ANALYZER_NUMBER_OBJECT_CONVERSION = YES_AGGRESSIVE;
				CLANG_CXX_LANGUAGE_STANDARD = "gnu++14";
				CLANG_CXX_LIBRARY = "libc++";
				CLANG_ENABLE_MODULES = YES;
				CLANG_ENABLE_OBJC_ARC = YES;
				CLANG_ENABLE_OBJC_WEAK = YES;
				CLANG_WARN_BLOCK_CAPTURE_AUTORELEASING = YES;
				CLANG_WARN_BOOL_CONVERSION = YES;
				CLANG_WARN_COMMA = YES;
				CLANG_WARN_CONSTANT_CONVERSION = YES;
				CLANG_WARN_DEPRECATED_OBJC_IMPLEMENTATIONS = YES;
				CLANG_WARN_DIRECT_OBJC_ISA_USAGE = YES_ERROR;
				CLANG_WARN_DOCUMENTATION_COMMENTS = YES;
				CLANG_WARN_EMPTY_BODY = YES;
				CLANG_WARN_ENUM_CONVERSION = YES;
				CLANG_WARN_INFINITE_RECURSION = YES;
				CLANG_WARN_INT_CONVERSION = YES;
				CLANG_WARN_NON_LITERAL_NULL_CONVERSION = YES;
				CLANG_WARN_OBJC_IMPLICIT_RETAIN_SELF = YES;
				CLANG_WARN_OBJC_LITERAL_CONVERSION = YES;
				CLANG_WARN_OBJC_ROOT_CLASS = YES_ERROR;
				CLANG_WARN_QUOTED_INCLUDE_IN_FRAMEWORK_HEADER = YES;
				CLANG_WARN_RANGE_LOOP_ANALYSIS = YES;
				CLANG_WARN_STRICT_PROTOTYPES = YES;
				CLANG_WARN_SUSPICIOUS_MOVE = YES;
				CLANG_WARN_UNGUARDED_AVAILABILITY = YES_AGGRESSIVE;
				CLANG_WARN_UNREACHABLE_CODE = YES;
				CLANG_WARN__DUPLICATE_METHOD_MATCH = YES;
				COPY_PHASE_STRIP = NO;
				CURRENT_PROJECT_VERSION = 6;
				DEBUG_INFORMATION_FORMAT = dwarf;
				DEVELOPMENT_TEAM = 8HA7S8AFF7;
				ENABLE_STRICT_OBJC_MSGSEND = YES;
				ENABLE_TESTABILITY = YES;
				GCC_C_LANGUAGE_STANDARD = gnu11;
				GCC_DYNAMIC_NO_PIC = NO;
				GCC_NO_COMMON_BLOCKS = YES;
				GCC_OPTIMIZATION_LEVEL = 0;
				GCC_PREPROCESSOR_DEFINITIONS = (
					"$(inherited)",
					"DEBUG=1",
				);
				GCC_WARN_64_TO_32_BIT_CONVERSION = YES;
				GCC_WARN_ABOUT_RETURN_TYPE = YES_ERROR;
				GCC_WARN_UNDECLARED_SELECTOR = YES;
				GCC_WARN_UNINITIALIZED_AUTOS = YES_AGGRESSIVE;
				GCC_WARN_UNUSED_FUNCTION = YES;
				GCC_WARN_UNUSED_VARIABLE = YES;
				IPHONEOS_DEPLOYMENT_TARGET = 17.0;
				MARKETING_VERSION = 0.1.0;
				MTL_ENABLE_DEBUG_INFO = INCLUDE_SOURCE;
				MTL_FAST_MATH = YES;
				ONLY_ACTIVE_ARCH = YES;
				PRODUCT_NAME = "$(TARGET_NAME)";
				SDKROOT = iphoneos;
				SWIFT_ACTIVE_COMPILATION_CONDITIONS = DEBUG;
				SWIFT_OPTIMIZATION_LEVEL = "-Onone";
				SWIFT_VERSION = 6.0;
			};
			name = Debug;
		};
		C1E7F0AAB8B40F61C48CC817 /* Release */ = {
			isa = XCBuildConfiguration;
			buildSettings = {
				ASSETCATALOG_COMPILER_APPICON_NAME = AppIcon;
				CODE_SIGN_ENTITLEMENTS = Meld/Meld.entitlements;
				CODE_SIGN_IDENTITY = "iPhone Developer";
				INFOPLIST_FILE = Meld/Info.plist;
				LD_RUNPATH_SEARCH_PATHS = (
					"$(inherited)",
					"@executable_path/Frameworks",
				);
				PRODUCT_BUNDLE_IDENTIFIER = com.heymeld.app;
				SDKROOT = iphoneos;
				TARGETED_DEVICE_FAMILY = 1;
			};
			name = Release;
		};
		C7E54AD99E7B151051BA70D3 /* Debug */ = {
			isa = XCBuildConfiguration;
			buildSettings = {
				INFOPLIST_FILE = MeldNotificationServiceExtension/Info.plist;
				LD_RUNPATH_SEARCH_PATHS = (
					"$(inherited)",
					"@executable_path/Frameworks",
					"@executable_path/../../Frameworks",
				);
				PRODUCT_BUNDLE_IDENTIFIER = "com.heymeld.app.notification-service";
				SDKROOT = iphoneos;
				TARGETED_DEVICE_FAMILY = "1,2";
			};
			name = Debug;
		};
		D9FC527AB80870CED2EB566F /* Debug */ = {
			isa = XCBuildConfiguration;
			buildSettings = {
				ASSETCATALOG_COMPILER_APPICON_NAME = AppIcon;
				CODE_SIGN_ENTITLEMENTS = Meld/Meld.entitlements;
				CODE_SIGN_IDENTITY = "iPhone Developer";
				INFOPLIST_FILE = Meld/Info.plist;
				LD_RUNPATH_SEARCH_PATHS = (
					"$(inherited)",
					"@executable_path/Frameworks",
				);
				PRODUCT_BUNDLE_IDENTIFIER = com.heymeld.app;
				SDKROOT = iphoneos;
				TARGETED_DEVICE_FAMILY = 1;
			};
			name = Debug;
		};
		F519EE2BF98E3BA555CC77BE /* Release */ = {
			isa = XCBuildConfiguration;
			buildSettings = {
				BUNDLE_LOADER = "$(TEST_HOST)";
				GENERATE_INFOPLIST_FILE = YES;
				LD_RUNPATH_SEARCH_PATHS = (
					"$(inherited)",
					"@executable_path/Frameworks",
					"@loader_path/Frameworks",
				);
				PRODUCT_BUNDLE_IDENTIFIER = com.heymeld.MeldTests;
				SDKROOT = iphoneos;
				TARGETED_DEVICE_FAMILY = "1,2";
				TEST_HOST = "$(BUILT_PRODUCTS_DIR)/Meld.app/Meld";
			};
			name = Release;
		};
/* End XCBuildConfiguration section */

/* Begin XCConfigurationList section */
		02EC38D66E1CF9B1281AA5A5 /* Build configuration list for PBXNativeTarget "Meld" */ = {
			isa = XCConfigurationList;
			buildConfigurations = (
				D9FC527AB80870CED2EB566F /* Debug */,
				C1E7F0AAB8B40F61C48CC817 /* Release */,
			);
			defaultConfigurationIsVisible = 0;
			defaultConfigurationName = Debug;
		};
		0A9F808ED62B7DE7227EAA15 /* Build configuration list for PBXProject "Meld" */ = {
			isa = XCConfigurationList;
			buildConfigurations = (
				A61CA3A2A202CE8B5D5A79E7 /* Debug */,
				8C12BEC7B46A3CEC255F6902 /* Release */,
			);
			defaultConfigurationIsVisible = 0;
			defaultConfigurationName = Debug;
		};
		5E42F44E5FF9793A1121EB0B /* Build configuration list for PBXNativeTarget "MeldSnapshotTests" */ = {
			isa = XCConfigurationList;
			buildConfigurations = (
				0159B3EA047E41758C8E9966 /* Debug */,
				1754020885C41DD99B8A8670 /* Release */,
			);
			defaultConfigurationIsVisible = 0;
			defaultConfigurationName = Debug;
		};
		9C2E53B3F7D681025A1685F2 /* Build configuration list for PBXNativeTarget "MeldTests" */ = {
			isa = XCConfigurationList;
			buildConfigurations = (
				6E15817F7FEAE7350005E1CA /* Debug */,
				F519EE2BF98E3BA555CC77BE /* Release */,
			);
			defaultConfigurationIsVisible = 0;
			defaultConfigurationName = Debug;
		};
		D815A0B2A88F1E29A05E01A5 /* Build configuration list for PBXNativeTarget "MeldNotificationServiceExtension" */ = {
			isa = XCConfigurationList;
			buildConfigurations = (
				C7E54AD99E7B151051BA70D3 /* Debug */,
				2FB2588AEAC9774FABFD79C4 /* Release */,
			);
			defaultConfigurationIsVisible = 0;
			defaultConfigurationName = Debug;
		};
		D9FDBE0FF66FE32DC98546BC /* Build configuration list for PBXNativeTarget "MeldUITests" */ = {
			isa = XCConfigurationList;
			buildConfigurations = (
				9A5D4B3423BD3C6126A0C727 /* Debug */,
				3283EADECA7E6CC4BC84A70A /* Release */,
			);
			defaultConfigurationIsVisible = 0;
			defaultConfigurationName = Debug;
		};
/* End XCConfigurationList section */

/* Begin XCRemoteSwiftPackageReference section */
		2AA527EA98E8705D6F3D91EB /* XCRemoteSwiftPackageReference "SwiftSDK" */ = {
			isa = XCRemoteSwiftPackageReference;
			repositoryURL = "https://github.com/TelemetryDeck/SwiftSDK";
			requirement = {
				kind = upToNextMajorVersion;
				minimumVersion = 2.12.0;
			};
		};
		7E54CD3E48FE2B6E8779C88B /* XCRemoteSwiftPackageReference "swift-snapshot-testing" */ = {
			isa = XCRemoteSwiftPackageReference;
			repositoryURL = "https://github.com/pointfreeco/swift-snapshot-testing";
			requirement = {
				kind = upToNextMajorVersion;
				minimumVersion = 1.17.0;
			};
		};
		A39310640EC88DDFF53A368F /* XCRemoteSwiftPackageReference "SwiftGlass" */ = {
			isa = XCRemoteSwiftPackageReference;
			repositoryURL = "https://github.com/1998code/SwiftGlass";
			requirement = {
				kind = upToNextMajorVersion;
				minimumVersion = 26.0.1;
			};
		};
		AC708B4A93D3BA5A0E4A6370 /* XCRemoteSwiftPackageReference "swiftui-introspect" */ = {
			isa = XCRemoteSwiftPackageReference;
			repositoryURL = "https://github.com/siteline/swiftui-introspect";
			requirement = {
				kind = upToNextMajorVersion;
				minimumVersion = 26.0.1;
			};
		};
		BC29C4492D3A353CDB20AE86 /* XCRemoteSwiftPackageReference "swift" */ = {
			isa = XCRemoteSwiftPackageReference;
			repositoryURL = "https://github.com/phosphor-icons/swift";
			requirement = {
				branch = main;
				kind = branch;
			};
		};
		DE631534620139F2C772CC67 /* XCRemoteSwiftPackageReference "Popups" */ = {
			isa = XCRemoteSwiftPackageReference;
			repositoryURL = "https://github.com/Mijick/Popups";
			requirement = {
				kind = upToNextMajorVersion;
				minimumVersion = 4.0.5;
			};
		};
		E478C0743CE028035A3EB0F4 /* XCRemoteSwiftPackageReference "SwiftUIX" */ = {
			isa = XCRemoteSwiftPackageReference;
			repositoryURL = "https://github.com/SwiftUIX/SwiftUIX";
			requirement = {
				branch = master;
				kind = branch;
			};
		};
		E9091FF6A76E3BA670352149 /* XCRemoteSwiftPackageReference "SwiftUI-Shimmer" */ = {
			isa = XCRemoteSwiftPackageReference;
			repositoryURL = "https://github.com/markiv/SwiftUI-Shimmer";
			requirement = {
				kind = upToNextMajorVersion;
				minimumVersion = 1.5.1;
			};
		};
/* End XCRemoteSwiftPackageReference section */

/* Begin XCSwiftPackageProductDependency section */
		0E2225D39A962660B94F94A9 /* SwiftUIIntrospect */ = {
			isa = XCSwiftPackageProductDependency;
			package = AC708B4A93D3BA5A0E4A6370 /* XCRemoteSwiftPackageReference "swiftui-introspect" */;
			productName = SwiftUIIntrospect;
		};
		325BBE46ABE53B068F710535 /* SwiftGlass */ = {
			isa = XCSwiftPackageProductDependency;
			package = A39310640EC88DDFF53A368F /* XCRemoteSwiftPackageReference "SwiftGlass" */;
			productName = SwiftGlass;
		};
		7B143F5AFB4D029ED975F97A /* MijickPopups */ = {
			isa = XCSwiftPackageProductDependency;
			package = DE631534620139F2C772CC67 /* XCRemoteSwiftPackageReference "Popups" */;
			productName = MijickPopups;
		};
		909B22674938CED539216C4B /* PhosphorSwift */ = {
			isa = XCSwiftPackageProductDependency;
			package = BC29C4492D3A353CDB20AE86 /* XCRemoteSwiftPackageReference "swift" */;
			productName = PhosphorSwift;
		};
		BBEB8B5BADC2E725B4B15264 /* Shimmer */ = {
			isa = XCSwiftPackageProductDependency;
			package = E9091FF6A76E3BA670352149 /* XCRemoteSwiftPackageReference "SwiftUI-Shimmer" */;
			productName = Shimmer;
		};
		CA05DBA57E9A9082A414553E /* TelemetryDeck */ = {
			isa = XCSwiftPackageProductDependency;
			package = 2AA527EA98E8705D6F3D91EB /* XCRemoteSwiftPackageReference "SwiftSDK" */;
			productName = TelemetryDeck;
		};
		D4EDA40580E8786157E9E97B /* SwiftUIX */ = {
			isa = XCSwiftPackageProductDependency;
			package = E478C0743CE028035A3EB0F4 /* XCRemoteSwiftPackageReference "SwiftUIX" */;
			productName = SwiftUIX;
		};
		EC25923D24652807F4D4AFCA /* SnapshotTesting */ = {
			isa = XCSwiftPackageProductDependency;
			package = 7E54CD3E48FE2B6E8779C88B /* XCRemoteSwiftPackageReference "swift-snapshot-testing" */;
			productName = SnapshotTesting;
		};
/* End XCSwiftPackageProductDependency section */
	};
	rootObject = 21FDA16C998EB9C8770A1650 /* Project object */;
}
